// !$*UTF8*$!
{
	archiveVersion = 1;
	classes = {
	};
	objectVersion = 56;
	objects = {

/* Begin PBXBuildFile section */
		17F070C40B3703B794D1C5CC /* amplifyconfiguration.json in Resources */ = {isa = PBXBuildFile; fileRef = 776407C1FF7B1F9DA05D05ED /* amplifyconfiguration.json */; };
		2366E88D035F5998E4095445 /* Pods_TestingAwsUploadTests.framework in Frameworks */ = {isa = PBXBuildFile; fileRef = FB1678B2C400EB76CC4D6796 /* Pods_TestingAwsUploadTests.framework */; };
		30DCD6683B91BA923E630755 /* Pods_TestingAwsUpload_TestingAwsUploadUITests.framework in Frameworks */ = {isa = PBXBuildFile; fileRef = 64D2BE3D3E42DBBEEBAC7083 /* Pods_TestingAwsUpload_TestingAwsUploadUITests.framework */; };
		63263867CF49992A316E9E09 /* awsconfiguration.json in Resources */ = {isa = PBXBuildFile; fileRef = 8D851EF2F0A08CF90F833A5B /* awsconfiguration.json */; };
		6E476EAA29F8BDC600295E9D /* Pods in Resources */ = {isa = PBXBuildFile; fileRef = 6E476EA929F8BDC600295E9D /* Pods */; };
		6E58127929F4612300FCF7BA /* TestingAwsUploadApp.swift in Sources */ = {isa = PBXBuildFile; fileRef = 6E58127829F4612300FCF7BA /* TestingAwsUploadApp.swift */; };
		6E58127B29F4612300FCF7BA /* ContentView.swift in Sources */ = {isa = PBXBuildFile; fileRef = 6E58127A29F4612300FCF7BA /* ContentView.swift */; };
		6E58127D29F4612600FCF7BA /* Assets.xcassets in Resources */ = {isa = PBXBuildFile; fileRef = 6E58127C29F4612600FCF7BA /* Assets.xcassets */; };
		6E58128029F4612600FCF7BA /* Preview Assets.xcassets in Resources */ = {isa = PBXBuildFile; fileRef = 6E58127F29F4612600FCF7BA /* Preview Assets.xcassets */; };
		6E58128A29F4612600FCF7BA /* TestingAwsUploadTests.swift in Sources */ = {isa = PBXBuildFile; fileRef = 6E58128929F4612600FCF7BA /* TestingAwsUploadTests.swift */; };
		6E58129429F4612600FCF7BA /* TestingAwsUploadUITests.swift in Sources */ = {isa = PBXBuildFile; fileRef = 6E58129329F4612600FCF7BA /* TestingAwsUploadUITests.swift */; };
		6E58129629F4612600FCF7BA /* TestingAwsUploadUITestsLaunchTests.swift in Sources */ = {isa = PBXBuildFile; fileRef = 6E58129529F4612600FCF7BA /* TestingAwsUploadUITestsLaunchTests.swift */; };
		6E7964C529FE704E00572AB7 /* AWSAPIPlugin in Frameworks */ = {isa = PBXBuildFile; productRef = 6E7964C429FE704E00572AB7 /* AWSAPIPlugin */; };
		6E7964C729FE704E00572AB7 /* AWSCognitoAuthPlugin in Frameworks */ = {isa = PBXBuildFile; productRef = 6E7964C629FE704E00572AB7 /* AWSCognitoAuthPlugin */; };
		6E7964C929FE704E00572AB7 /* AWSDataStorePlugin in Frameworks */ = {isa = PBXBuildFile; productRef = 6E7964C829FE704E00572AB7 /* AWSDataStorePlugin */; };
		6E7964CB29FE704E00572AB7 /* AWSLocationGeoPlugin in Frameworks */ = {isa = PBXBuildFile; productRef = 6E7964CA29FE704E00572AB7 /* AWSLocationGeoPlugin */; };
		6E7964CD29FE704E00572AB7 /* AWSPinpointAnalyticsPlugin in Frameworks */ = {isa = PBXBuildFile; productRef = 6E7964CC29FE704E00572AB7 /* AWSPinpointAnalyticsPlugin */; };
		6E7964CF29FE704E00572AB7 /* AWSPinpointPushNotificationsPlugin in Frameworks */ = {isa = PBXBuildFile; productRef = 6E7964CE29FE704E00572AB7 /* AWSPinpointPushNotificationsPlugin */; };
		6E7964D129FE704E00572AB7 /* AWSPluginsCore in Frameworks */ = {isa = PBXBuildFile; productRef = 6E7964D029FE704E00572AB7 /* AWSPluginsCore */; };
		6E7964D329FE704E00572AB7 /* AWSPredictionsPlugin in Frameworks */ = {isa = PBXBuildFile; productRef = 6E7964D229FE704E00572AB7 /* AWSPredictionsPlugin */; };
		6E7964D529FE704E00572AB7 /* AWSS3StoragePlugin in Frameworks */ = {isa = PBXBuildFile; productRef = 6E7964D429FE704E00572AB7 /* AWSS3StoragePlugin */; };
		6E7964D729FE704E00572AB7 /* Amplify in Frameworks */ = {isa = PBXBuildFile; productRef = 6E7964D629FE704E00572AB7 /* Amplify */; };
		6E7964D929FE704E00572AB7 /* CoreMLPredictionsPlugin in Frameworks */ = {isa = PBXBuildFile; productRef = 6E7964D829FE704E00572AB7 /* CoreMLPredictionsPlugin */; };
		6E7964DB29FEBEBA00572AB7 /* ImagePicker.swift in Sources */ = {isa = PBXBuildFile; fileRef = 6E7964DA29FEBEBA00572AB7 /* ImagePicker.swift */; };
		6E7964DD29FEC3EC00572AB7 /* cooper-hewitt in Resources */ = {isa = PBXBuildFile; fileRef = 6E7964DC29FEC3EB00572AB7 /* cooper-hewitt */; };
		6E7964E029FEC58A00572AB7 /* source-sans-pro in Resources */ = {isa = PBXBuildFile; fileRef = 6E7964DF29FEC58900572AB7 /* source-sans-pro */; };
		D69BFA2E422DC526AFD05A06 /* Pods_TestingAwsUpload.framework in Frameworks */ = {isa = PBXBuildFile; fileRef = 7D12A7FCCB065BB8726FA7F5 /* Pods_TestingAwsUpload.framework */; };
/* End PBXBuildFile section */

/* Begin PBXContainerItemProxy section */
		6E58128629F4612600FCF7BA /* PBXContainerItemProxy */ = {
			isa = PBXContainerItemProxy;
			containerPortal = 6E58126D29F4612300FCF7BA /* Project object */;
			proxyType = 1;
			remoteGlobalIDString = 6E58127429F4612300FCF7BA;
			remoteInfo = TestingAwsUpload;
		};
		6E58129029F4612600FCF7BA /* PBXContainerItemProxy */ = {
			isa = PBXContainerItemProxy;
			containerPortal = 6E58126D29F4612300FCF7BA /* Project object */;
			proxyType = 1;
			remoteGlobalIDString = 6E58127429F4612300FCF7BA;
			remoteInfo = TestingAwsUpload;
		};
/* End PBXContainerItemProxy section */

/* Begin PBXFileReference section */
		04DC5C3F0B14D8926BB2C6EF /* Pods-TestingAwsUpload.release.xcconfig */ = {isa = PBXFileReference; includeInIndex = 1; lastKnownFileType = text.xcconfig; name = "Pods-TestingAwsUpload.release.xcconfig"; path = "Target Support Files/Pods-TestingAwsUpload/Pods-TestingAwsUpload.release.xcconfig"; sourceTree = "<group>"; };
		156ACD329F7ABDEB063243D8 /* Pods-TestingAwsUpload-TestingAwsUploadUITests.debug.xcconfig */ = {isa = PBXFileReference; includeInIndex = 1; lastKnownFileType = text.xcconfig; name = "Pods-TestingAwsUpload-TestingAwsUploadUITests.debug.xcconfig"; path = "Target Support Files/Pods-TestingAwsUpload-TestingAwsUploadUITests/Pods-TestingAwsUpload-TestingAwsUploadUITests.debug.xcconfig"; sourceTree = "<group>"; };
		172D63061DC5643282782B32 /* Pods-TestingAwsUpload-TestingAwsUploadUITests.release.xcconfig */ = {isa = PBXFileReference; includeInIndex = 1; lastKnownFileType = text.xcconfig; name = "Pods-TestingAwsUpload-TestingAwsUploadUITests.release.xcconfig"; path = "Target Support Files/Pods-TestingAwsUpload-TestingAwsUploadUITests/Pods-TestingAwsUpload-TestingAwsUploadUITests.release.xcconfig"; sourceTree = "<group>"; };
		39857A0082DD981E6914F364 /* Pods-TestingAwsUploadTests.debug.xcconfig */ = {isa = PBXFileReference; includeInIndex = 1; lastKnownFileType = text.xcconfig; name = "Pods-TestingAwsUploadTests.debug.xcconfig"; path = "Target Support Files/Pods-TestingAwsUploadTests/Pods-TestingAwsUploadTests.debug.xcconfig"; sourceTree = "<group>"; };
		64D2BE3D3E42DBBEEBAC7083 /* Pods_TestingAwsUpload_TestingAwsUploadUITests.framework */ = {isa = PBXFileReference; explicitFileType = wrapper.framework; includeInIndex = 0; path = Pods_TestingAwsUpload_TestingAwsUploadUITests.framework; sourceTree = BUILT_PRODUCTS_DIR; };
		683485FA4990FE4ABCE17529 /* Pods-TestingAwsUpload.debug.xcconfig */ = {isa = PBXFileReference; includeInIndex = 1; lastKnownFileType = text.xcconfig; name = "Pods-TestingAwsUpload.debug.xcconfig"; path = "Target Support Files/Pods-TestingAwsUpload/Pods-TestingAwsUpload.debug.xcconfig"; sourceTree = "<group>"; };
		6E476EA929F8BDC600295E9D /* Pods */ = {isa = PBXFileReference; fileEncoding = 4; lastKnownFileType = text; path = Pods; sourceTree = SOURCE_ROOT; };
		6E58127529F4612300FCF7BA /* TestingAwsUpload.app */ = {isa = PBXFileReference; explicitFileType = wrapper.application; includeInIndex = 0; path = TestingAwsUpload.app; sourceTree = BUILT_PRODUCTS_DIR; };
		6E58127829F4612300FCF7BA /* TestingAwsUploadApp.swift */ = {isa = PBXFileReference; lastKnownFileType = sourcecode.swift; path = TestingAwsUploadApp.swift; sourceTree = "<group>"; };
		6E58127A29F4612300FCF7BA /* ContentView.swift */ = {isa = PBXFileReference; lastKnownFileType = sourcecode.swift; path = ContentView.swift; sourceTree = "<group>"; };
		6E58127C29F4612600FCF7BA /* Assets.xcassets */ = {isa = PBXFileReference; lastKnownFileType = folder.assetcatalog; path = Assets.xcassets; sourceTree = "<group>"; };
		6E58127F29F4612600FCF7BA /* Preview Assets.xcassets */ = {isa = PBXFileReference; lastKnownFileType = folder.assetcatalog; path = "Preview Assets.xcassets"; sourceTree = "<group>"; };
		6E58128529F4612600FCF7BA /* TestingAwsUploadTests.xctest */ = {isa = PBXFileReference; explicitFileType = wrapper.cfbundle; includeInIndex = 0; path = TestingAwsUploadTests.xctest; sourceTree = BUILT_PRODUCTS_DIR; };
		6E58128929F4612600FCF7BA /* TestingAwsUploadTests.swift */ = {isa = PBXFileReference; lastKnownFileType = sourcecode.swift; path = TestingAwsUploadTests.swift; sourceTree = "<group>"; };
		6E58128F29F4612600FCF7BA /* TestingAwsUploadUITests.xctest */ = {isa = PBXFileReference; explicitFileType = wrapper.cfbundle; includeInIndex = 0; path = TestingAwsUploadUITests.xctest; sourceTree = BUILT_PRODUCTS_DIR; };
		6E58129329F4612600FCF7BA /* TestingAwsUploadUITests.swift */ = {isa = PBXFileReference; lastKnownFileType = sourcecode.swift; path = TestingAwsUploadUITests.swift; sourceTree = "<group>"; };
		6E58129529F4612600FCF7BA /* TestingAwsUploadUITestsLaunchTests.swift */ = {isa = PBXFileReference; lastKnownFileType = sourcecode.swift; path = TestingAwsUploadUITestsLaunchTests.swift; sourceTree = "<group>"; };
		6E7964DA29FEBEBA00572AB7 /* ImagePicker.swift */ = {isa = PBXFileReference; lastKnownFileType = sourcecode.swift; path = ImagePicker.swift; sourceTree = "<group>"; };
		6E7964DC29FEC3EB00572AB7 /* cooper-hewitt */ = {isa = PBXFileReference; lastKnownFileType = folder; name = "cooper-hewitt"; path = "../../../../Downloads/cooper-hewitt"; sourceTree = "<group>"; };
		6E7964DE29FEC4ED00572AB7 /* Info.plist */ = {isa = PBXFileReference; lastKnownFileType = text.plist; path = Info.plist; sourceTree = "<group>"; };
		6E7964DF29FEC58900572AB7 /* source-sans-pro */ = {isa = PBXFileReference; lastKnownFileType = folder; name = "source-sans-pro"; path = "../../../../Downloads/source-sans-pro"; sourceTree = "<group>"; };
		776407C1FF7B1F9DA05D05ED /* amplifyconfiguration.json */ = {isa = PBXFileReference; explicitFileType = text.json; path = amplifyconfiguration.json; sourceTree = "<group>"; };
		7D12A7FCCB065BB8726FA7F5 /* Pods_TestingAwsUpload.framework */ = {isa = PBXFileReference; explicitFileType = wrapper.framework; includeInIndex = 0; path = Pods_TestingAwsUpload.framework; sourceTree = BUILT_PRODUCTS_DIR; };
		86419C3EE6A4D7630369BA74 /* Pods-TestingAwsUploadTests.release.xcconfig */ = {isa = PBXFileReference; includeInIndex = 1; lastKnownFileType = text.xcconfig; name = "Pods-TestingAwsUploadTests.release.xcconfig"; path = "Target Support Files/Pods-TestingAwsUploadTests/Pods-TestingAwsUploadTests.release.xcconfig"; sourceTree = "<group>"; };
		8D851EF2F0A08CF90F833A5B /* awsconfiguration.json */ = {isa = PBXFileReference; explicitFileType = text.json; path = awsconfiguration.json; sourceTree = "<group>"; };
		FB1678B2C400EB76CC4D6796 /* Pods_TestingAwsUploadTests.framework */ = {isa = PBXFileReference; explicitFileType = wrapper.framework; includeInIndex = 0; path = Pods_TestingAwsUploadTests.framework; sourceTree = BUILT_PRODUCTS_DIR; };
/* End PBXFileReference section */

/* Begin PBXFrameworksBuildPhase section */
		6E58127229F4612300FCF7BA /* Frameworks */ = {
			isa = PBXFrameworksBuildPhase;
			buildActionMask = 2147483647;
			files = (
				6E7964C529FE704E00572AB7 /* AWSAPIPlugin in Frameworks */,
				6E7964CD29FE704E00572AB7 /* AWSPinpointAnalyticsPlugin in Frameworks */,
				6E7964CB29FE704E00572AB7 /* AWSLocationGeoPlugin in Frameworks */,
				D69BFA2E422DC526AFD05A06 /* Pods_TestingAwsUpload.framework in Frameworks */,
				6E7964D729FE704E00572AB7 /* Amplify in Frameworks */,
				6E7964D329FE704E00572AB7 /* AWSPredictionsPlugin in Frameworks */,
				6E7964D529FE704E00572AB7 /* AWSS3StoragePlugin in Frameworks */,
				6E7964D129FE704E00572AB7 /* AWSPluginsCore in Frameworks */,
				6E7964D929FE704E00572AB7 /* CoreMLPredictionsPlugin in Frameworks */,
				6E7964C729FE704E00572AB7 /* AWSCognitoAuthPlugin in Frameworks */,
				6E7964CF29FE704E00572AB7 /* AWSPinpointPushNotificationsPlugin in Frameworks */,
				6E7964C929FE704E00572AB7 /* AWSDataStorePlugin in Frameworks */,
			);
			runOnlyForDeploymentPostprocessing = 0;
		};
		6E58128229F4612600FCF7BA /* Frameworks */ = {
			isa = PBXFrameworksBuildPhase;
			buildActionMask = 2147483647;
			files = (
				2366E88D035F5998E4095445 /* Pods_TestingAwsUploadTests.framework in Frameworks */,
			);
			runOnlyForDeploymentPostprocessing = 0;
		};
		6E58128C29F4612600FCF7BA /* Frameworks */ = {
			isa = PBXFrameworksBuildPhase;
			buildActionMask = 2147483647;
			files = (
				30DCD6683B91BA923E630755 /* Pods_TestingAwsUpload_TestingAwsUploadUITests.framework in Frameworks */,
			);
			runOnlyForDeploymentPostprocessing = 0;
		};
/* End PBXFrameworksBuildPhase section */

/* Begin PBXGroup section */
		6E58126C29F4612300FCF7BA = {
			isa = PBXGroup;
			children = (
				6E58127729F4612300FCF7BA /* TestingAwsUpload */,
				6E58128829F4612600FCF7BA /* TestingAwsUploadTests */,
				6E58129229F4612600FCF7BA /* TestingAwsUploadUITests */,
				6E58127629F4612300FCF7BA /* Products */,
				8B0DCBA9DC19DFE4EA1EF81A /* Pods */,
				8C60D98BB4DD19E4560E1CE4 /* Frameworks */,
				E0516AF7F5D4F54E113E4008 /* AmplifyConfig */,
			);
			sourceTree = "<group>";
		};
		6E58127629F4612300FCF7BA /* Products */ = {
			isa = PBXGroup;
			children = (
				6E58127529F4612300FCF7BA /* TestingAwsUpload.app */,
				6E58128529F4612600FCF7BA /* TestingAwsUploadTests.xctest */,
				6E58128F29F4612600FCF7BA /* TestingAwsUploadUITests.xctest */,
			);
			name = Products;
			sourceTree = "<group>";
		};
		6E58127729F4612300FCF7BA /* TestingAwsUpload */ = {
			isa = PBXGroup;
			children = (
				6E7964DE29FEC4ED00572AB7 /* Info.plist */,
				6E7964DF29FEC58900572AB7 /* source-sans-pro */,
				6E7964DC29FEC3EB00572AB7 /* cooper-hewitt */,
				6E58127829F4612300FCF7BA /* TestingAwsUploadApp.swift */,
				6E58127A29F4612300FCF7BA /* ContentView.swift */,
				6E58127C29F4612600FCF7BA /* Assets.xcassets */,
				6E58127E29F4612600FCF7BA /* Preview Content */,
				6E7964DA29FEBEBA00572AB7 /* ImagePicker.swift */,
			);
			path = TestingAwsUpload;
			sourceTree = "<group>";
		};
		6E58127E29F4612600FCF7BA /* Preview Content */ = {
			isa = PBXGroup;
			children = (
				6E58127F29F4612600FCF7BA /* Preview Assets.xcassets */,
			);
			path = "Preview Content";
			sourceTree = "<group>";
		};
		6E58128829F4612600FCF7BA /* TestingAwsUploadTests */ = {
			isa = PBXGroup;
			children = (
				6E58128929F4612600FCF7BA /* TestingAwsUploadTests.swift */,
			);
			path = TestingAwsUploadTests;
			sourceTree = "<group>";
		};
		6E58129229F4612600FCF7BA /* TestingAwsUploadUITests */ = {
			isa = PBXGroup;
			children = (
				6E58129329F4612600FCF7BA /* TestingAwsUploadUITests.swift */,
				6E58129529F4612600FCF7BA /* TestingAwsUploadUITestsLaunchTests.swift */,
				6E476EA929F8BDC600295E9D /* Pods */,
			);
			path = TestingAwsUploadUITests;
			sourceTree = "<group>";
		};
		8B0DCBA9DC19DFE4EA1EF81A /* Pods */ = {
			isa = PBXGroup;
			children = (
				683485FA4990FE4ABCE17529 /* Pods-TestingAwsUpload.debug.xcconfig */,
				04DC5C3F0B14D8926BB2C6EF /* Pods-TestingAwsUpload.release.xcconfig */,
				156ACD329F7ABDEB063243D8 /* Pods-TestingAwsUpload-TestingAwsUploadUITests.debug.xcconfig */,
				172D63061DC5643282782B32 /* Pods-TestingAwsUpload-TestingAwsUploadUITests.release.xcconfig */,
				39857A0082DD981E6914F364 /* Pods-TestingAwsUploadTests.debug.xcconfig */,
				86419C3EE6A4D7630369BA74 /* Pods-TestingAwsUploadTests.release.xcconfig */,
			);
			path = Pods;
			sourceTree = "<group>";
		};
		8C60D98BB4DD19E4560E1CE4 /* Frameworks */ = {
			isa = PBXGroup;
			children = (
				7D12A7FCCB065BB8726FA7F5 /* Pods_TestingAwsUpload.framework */,
				64D2BE3D3E42DBBEEBAC7083 /* Pods_TestingAwsUpload_TestingAwsUploadUITests.framework */,
				FB1678B2C400EB76CC4D6796 /* Pods_TestingAwsUploadTests.framework */,
			);
			name = Frameworks;
			sourceTree = "<group>";
		};
		E0516AF7F5D4F54E113E4008 /* AmplifyConfig */ = {
			isa = PBXGroup;
			children = (
				8D851EF2F0A08CF90F833A5B /* awsconfiguration.json */,
				776407C1FF7B1F9DA05D05ED /* amplifyconfiguration.json */,
			);
			name = AmplifyConfig;
			sourceTree = "<group>";
		};
/* End PBXGroup section */

/* Begin PBXNativeTarget section */
		6E58127429F4612300FCF7BA /* TestingAwsUpload */ = {
			isa = PBXNativeTarget;
			buildConfigurationList = 6E58129929F4612600FCF7BA /* Build configuration list for PBXNativeTarget "TestingAwsUpload" */;
			buildPhases = (
				9CDFFAE2D4A9935159367B1A /* [CP] Check Pods Manifest.lock */,
				6E58127129F4612300FCF7BA /* Sources */,
				6E58127229F4612300FCF7BA /* Frameworks */,
				6E58127329F4612300FCF7BA /* Resources */,
				AC72BC6AF5C4C10BAE4B98AC /* [CP] Embed Pods Frameworks */,
			);
			buildRules = (
			);
			dependencies = (
			);
			name = TestingAwsUpload;
			packageProductDependencies = (
				6E7964C429FE704E00572AB7 /* AWSAPIPlugin */,
				6E7964C629FE704E00572AB7 /* AWSCognitoAuthPlugin */,
				6E7964C829FE704E00572AB7 /* AWSDataStorePlugin */,
				6E7964CA29FE704E00572AB7 /* AWSLocationGeoPlugin */,
				6E7964CC29FE704E00572AB7 /* AWSPinpointAnalyticsPlugin */,
				6E7964CE29FE704E00572AB7 /* AWSPinpointPushNotificationsPlugin */,
				6E7964D029FE704E00572AB7 /* AWSPluginsCore */,
				6E7964D229FE704E00572AB7 /* AWSPredictionsPlugin */,
				6E7964D429FE704E00572AB7 /* AWSS3StoragePlugin */,
				6E7964D629FE704E00572AB7 /* Amplify */,
				6E7964D829FE704E00572AB7 /* CoreMLPredictionsPlugin */,
			);
			productName = TestingAwsUpload;
			productReference = 6E58127529F4612300FCF7BA /* TestingAwsUpload.app */;
			productType = "com.apple.product-type.application";
		};
		6E58128429F4612600FCF7BA /* TestingAwsUploadTests */ = {
			isa = PBXNativeTarget;
			buildConfigurationList = 6E58129C29F4612600FCF7BA /* Build configuration list for PBXNativeTarget "TestingAwsUploadTests" */;
			buildPhases = (
				2AB50CF97E67616B9EC6EBC0 /* [CP] Check Pods Manifest.lock */,
				6E58128129F4612600FCF7BA /* Sources */,
				6E58128229F4612600FCF7BA /* Frameworks */,
				6E58128329F4612600FCF7BA /* Resources */,
			);
			buildRules = (
			);
			dependencies = (
				6E58128729F4612600FCF7BA /* PBXTargetDependency */,
			);
			name = TestingAwsUploadTests;
			productName = TestingAwsUploadTests;
			productReference = 6E58128529F4612600FCF7BA /* TestingAwsUploadTests.xctest */;
			productType = "com.apple.product-type.bundle.unit-test";
		};
		6E58128E29F4612600FCF7BA /* TestingAwsUploadUITests */ = {
			isa = PBXNativeTarget;
			buildConfigurationList = 6E58129F29F4612600FCF7BA /* Build configuration list for PBXNativeTarget "TestingAwsUploadUITests" */;
			buildPhases = (
				C6DD4AF48DEA5F8DF419D037 /* [CP] Check Pods Manifest.lock */,
				6E58128B29F4612600FCF7BA /* Sources */,
				6E58128C29F4612600FCF7BA /* Frameworks */,
				6E58128D29F4612600FCF7BA /* Resources */,
				741F4D71411EC21345A9D90B /* [CP] Embed Pods Frameworks */,
			);
			buildRules = (
			);
			dependencies = (
				6E58129129F4612600FCF7BA /* PBXTargetDependency */,
			);
			name = TestingAwsUploadUITests;
			productName = TestingAwsUploadUITests;
			productReference = 6E58128F29F4612600FCF7BA /* TestingAwsUploadUITests.xctest */;
			productType = "com.apple.product-type.bundle.ui-testing";
		};
/* End PBXNativeTarget section */

/* Begin PBXProject section */
		6E58126D29F4612300FCF7BA /* Project object */ = {
			isa = PBXProject;
			attributes = {
				BuildIndependentTargetsInParallel = 1;
				LastSwiftUpdateCheck = 1400;
				LastUpgradeCheck = 1400;
				TargetAttributes = {
					6E58127429F4612300FCF7BA = {
						CreatedOnToolsVersion = 14.0;
					};
					6E58128429F4612600FCF7BA = {
						CreatedOnToolsVersion = 14.0;
						TestTargetID = 6E58127429F4612300FCF7BA;
					};
					6E58128E29F4612600FCF7BA = {
						CreatedOnToolsVersion = 14.0;
						TestTargetID = 6E58127429F4612300FCF7BA;
					};
				};
			};
			buildConfigurationList = 6E58127029F4612300FCF7BA /* Build configuration list for PBXProject "TestingAwsUpload" */;
			compatibilityVersion = "Xcode 14.0";
			developmentRegion = en;
			hasScannedForEncodings = 0;
			knownRegions = (
				en,
				Base,
			);
			mainGroup = 6E58126C29F4612300FCF7BA;
			packageReferences = (
				6E7964C329FE704D00572AB7 /* XCRemoteSwiftPackageReference "amplify-ios" */,
			);
			productRefGroup = 6E58127629F4612300FCF7BA /* Products */;
			projectDirPath = "";
			projectRoot = "";
			targets = (
				6E58127429F4612300FCF7BA /* TestingAwsUpload */,
				6E58128429F4612600FCF7BA /* TestingAwsUploadTests */,
				6E58128E29F4612600FCF7BA /* TestingAwsUploadUITests */,
			);
		};
/* End PBXProject section */

/* Begin PBXResourcesBuildPhase section */
		6E58127329F4612300FCF7BA /* Resources */ = {
			isa = PBXResourcesBuildPhase;
			buildActionMask = 2147483647;
			files = (
				6E7964E029FEC58A00572AB7 /* source-sans-pro in Resources */,
				6E58128029F4612600FCF7BA /* Preview Assets.xcassets in Resources */,
				6E58127D29F4612600FCF7BA /* Assets.xcassets in Resources */,
				63263867CF49992A316E9E09 /* awsconfiguration.json in Resources */,
				17F070C40B3703B794D1C5CC /* amplifyconfiguration.json in Resources */,
				6E7964DD29FEC3EC00572AB7 /* cooper-hewitt in Resources */,
			);
			runOnlyForDeploymentPostprocessing = 0;
		};
		6E58128329F4612600FCF7BA /* Resources */ = {
			isa = PBXResourcesBuildPhase;
			buildActionMask = 2147483647;
			files = (
			);
			runOnlyForDeploymentPostprocessing = 0;
		};
		6E58128D29F4612600FCF7BA /* Resources */ = {
			isa = PBXResourcesBuildPhase;
			buildActionMask = 2147483647;
			files = (
				6E476EAA29F8BDC600295E9D /* Pods in Resources */,
			);
			runOnlyForDeploymentPostprocessing = 0;
		};
/* End PBXResourcesBuildPhase section */

/* Begin PBXShellScriptBuildPhase section */
		2AB50CF97E67616B9EC6EBC0 /* [CP] Check Pods Manifest.lock */ = {
			isa = PBXShellScriptBuildPhase;
			buildActionMask = 2147483647;
			files = (
			);
			inputFileListPaths = (
			);
			inputPaths = (
				"${PODS_PODFILE_DIR_PATH}/Podfile.lock",
				"${PODS_ROOT}/Manifest.lock",
			);
			name = "[CP] Check Pods Manifest.lock";
			outputFileListPaths = (
			);
			outputPaths = (
				"$(DERIVED_FILE_DIR)/Pods-TestingAwsUploadTests-checkManifestLockResult.txt",
			);
			runOnlyForDeploymentPostprocessing = 0;
			shellPath = /bin/sh;
			shellScript = "diff \"${PODS_PODFILE_DIR_PATH}/Podfile.lock\" \"${PODS_ROOT}/Manifest.lock\" > /dev/null\nif [ $? != 0 ] ; then\n    # print error to STDERR\n    echo \"error: The sandbox is not in sync with the Podfile.lock. Run 'pod install' or update your CocoaPods installation.\" >&2\n    exit 1\nfi\n# This output is used by Xcode 'outputs' to avoid re-running this script phase.\necho \"SUCCESS\" > \"${SCRIPT_OUTPUT_FILE_0}\"\n";
			showEnvVarsInLog = 0;
		};
		741F4D71411EC21345A9D90B /* [CP] Embed Pods Frameworks */ = {
			isa = PBXShellScriptBuildPhase;
			buildActionMask = 2147483647;
			files = (
			);
			inputFileListPaths = (
				"${PODS_ROOT}/Target Support Files/Pods-TestingAwsUpload-TestingAwsUploadUITests/Pods-TestingAwsUpload-TestingAwsUploadUITests-frameworks-${CONFIGURATION}-input-files.xcfilelist",
			);
			inputPaths = (
			);
			name = "[CP] Embed Pods Frameworks";
			outputFileListPaths = (
				"${PODS_ROOT}/Target Support Files/Pods-TestingAwsUpload-TestingAwsUploadUITests/Pods-TestingAwsUpload-TestingAwsUploadUITests-frameworks-${CONFIGURATION}-output-files.xcfilelist",
			);
			outputPaths = (
			);
			runOnlyForDeploymentPostprocessing = 0;
			shellPath = /bin/sh;
			shellScript = "\"${PODS_ROOT}/Target Support Files/Pods-TestingAwsUpload-TestingAwsUploadUITests/Pods-TestingAwsUpload-TestingAwsUploadUITests-frameworks.sh\"\n";
			showEnvVarsInLog = 0;
		};
		9CDFFAE2D4A9935159367B1A /* [CP] Check Pods Manifest.lock */ = {
			isa = PBXShellScriptBuildPhase;
			buildActionMask = 2147483647;
			files = (
			);
			inputFileListPaths = (
			);
			inputPaths = (
				"${PODS_PODFILE_DIR_PATH}/Podfile.lock",
				"${PODS_ROOT}/Manifest.lock",
			);
			name = "[CP] Check Pods Manifest.lock";
			outputFileListPaths = (
			);
			outputPaths = (
				"$(DERIVED_FILE_DIR)/Pods-TestingAwsUpload-checkManifestLockResult.txt",
			);
			runOnlyForDeploymentPostprocessing = 0;
			shellPath = /bin/sh;
			shellScript = "diff \"${PODS_PODFILE_DIR_PATH}/Podfile.lock\" \"${PODS_ROOT}/Manifest.lock\" > /dev/null\nif [ $? != 0 ] ; then\n    # print error to STDERR\n    echo \"error: The sandbox is not in sync with the Podfile.lock. Run 'pod install' or update your CocoaPods installation.\" >&2\n    exit 1\nfi\n# This output is used by Xcode 'outputs' to avoid re-running this script phase.\necho \"SUCCESS\" > \"${SCRIPT_OUTPUT_FILE_0}\"\n";
			showEnvVarsInLog = 0;
		};
		AC72BC6AF5C4C10BAE4B98AC /* [CP] Embed Pods Frameworks */ = {
			isa = PBXShellScriptBuildPhase;
			buildActionMask = 2147483647;
			files = (
			);
			inputFileListPaths = (
				"${PODS_ROOT}/Target Support Files/Pods-TestingAwsUpload/Pods-TestingAwsUpload-frameworks-${CONFIGURATION}-input-files.xcfilelist",
			);
			inputPaths = (
			);
			name = "[CP] Embed Pods Frameworks";
			outputFileListPaths = (
				"${PODS_ROOT}/Target Support Files/Pods-TestingAwsUpload/Pods-TestingAwsUpload-frameworks-${CONFIGURATION}-output-files.xcfilelist",
			);
			outputPaths = (
			);
			runOnlyForDeploymentPostprocessing = 0;
			shellPath = /bin/sh;
			shellScript = "\"${PODS_ROOT}/Target Support Files/Pods-TestingAwsUpload/Pods-TestingAwsUpload-frameworks.sh\"\n";
			showEnvVarsInLog = 0;
		};
		C6DD4AF48DEA5F8DF419D037 /* [CP] Check Pods Manifest.lock */ = {
			isa = PBXShellScriptBuildPhase;
			buildActionMask = 2147483647;
			files = (
			);
			inputFileListPaths = (
			);
			inputPaths = (
				"${PODS_PODFILE_DIR_PATH}/Podfile.lock",
				"${PODS_ROOT}/Manifest.lock",
			);
			name = "[CP] Check Pods Manifest.lock";
			outputFileListPaths = (
			);
			outputPaths = (
				"$(DERIVED_FILE_DIR)/Pods-TestingAwsUpload-TestingAwsUploadUITests-checkManifestLockResult.txt",
			);
			runOnlyForDeploymentPostprocessing = 0;
			shellPath = /bin/sh;
			shellScript = "diff \"${PODS_PODFILE_DIR_PATH}/Podfile.lock\" \"${PODS_ROOT}/Manifest.lock\" > /dev/null\nif [ $? != 0 ] ; then\n    # print error to STDERR\n    echo \"error: The sandbox is not in sync with the Podfile.lock. Run 'pod install' or update your CocoaPods installation.\" >&2\n    exit 1\nfi\n# This output is used by Xcode 'outputs' to avoid re-running this script phase.\necho \"SUCCESS\" > \"${SCRIPT_OUTPUT_FILE_0}\"\n";
			showEnvVarsInLog = 0;
		};
/* End PBXShellScriptBuildPhase section */

/* Begin PBXSourcesBuildPhase section */
		6E58127129F4612300FCF7BA /* Sources */ = {
			isa = PBXSourcesBuildPhase;
			buildActionMask = 2147483647;
			files = (
				6E7964DB29FEBEBA00572AB7 /* ImagePicker.swift in Sources */,
				6E58127B29F4612300FCF7BA /* ContentView.swift in Sources */,
				6E58127929F4612300FCF7BA /* TestingAwsUploadApp.swift in Sources */,
			);
			runOnlyForDeploymentPostprocessing = 0;
		};
		6E58128129F4612600FCF7BA /* Sources */ = {
			isa = PBXSourcesBuildPhase;
			buildActionMask = 2147483647;
			files = (
				6E58128A29F4612600FCF7BA /* TestingAwsUploadTests.swift in Sources */,
			);
			runOnlyForDeploymentPostprocessing = 0;
		};
		6E58128B29F4612600FCF7BA /* Sources */ = {
			isa = PBXSourcesBuildPhase;
			buildActionMask = 2147483647;
			files = (
				6E58129629F4612600FCF7BA /* TestingAwsUploadUITestsLaunchTests.swift in Sources */,
				6E58129429F4612600FCF7BA /* TestingAwsUploadUITests.swift in Sources */,
			);
			runOnlyForDeploymentPostprocessing = 0;
		};
/* End PBXSourcesBuildPhase section */

/* Begin PBXTargetDependency section */
		6E58128729F4612600FCF7BA /* PBXTargetDependency */ = {
			isa = PBXTargetDependency;
			target = 6E58127429F4612300FCF7BA /* TestingAwsUpload */;
			targetProxy = 6E58128629F4612600FCF7BA /* PBXContainerItemProxy */;
		};
		6E58129129F4612600FCF7BA /* PBXTargetDependency */ = {
			isa = PBXTargetDependency;
			target = 6E58127429F4612300FCF7BA /* TestingAwsUpload */;
			targetProxy = 6E58129029F4612600FCF7BA /* PBXContainerItemProxy */;
		};
/* End PBXTargetDependency section */

/* Begin XCBuildConfiguration section */
		6E58129729F4612600FCF7BA /* Debug */ = {
			isa = XCBuildConfiguration;
			buildSettings = {
				ALWAYS_SEARCH_USER_PATHS = NO;
				CLANG_ANALYZER_NONNULL = YES;
				CLANG_ANALYZER_NUMBER_OBJECT_CONVERSION = YES_AGGRESSIVE;
				CLANG_CXX_LANGUAGE_STANDARD = "gnu++20";
				CLANG_ENABLE_MODULES = YES;
				CLANG_ENABLE_OBJC_ARC = YES;
				CLANG_ENABLE_OBJC_WEAK = YES;
				CLANG_WARN_BLOCK_CAPTURE_AUTORELEASING = YES;
				CLANG_WARN_BOOL_CONVERSION = YES;
				CLANG_WARN_COMMA = YES;
				CLANG_WARN_CONSTANT_CONVERSION = YES;
				CLANG_WARN_DEPRECATED_OBJC_IMPLEMENTATIONS = YES;
				CLANG_WARN_DIRECT_OBJC_ISA_USAGE = YES_ERROR;
				CLANG_WARN_DOCUMENTATION_COMMENTS = YES;
				CLANG_WARN_EMPTY_BODY = YES;
				CLANG_WARN_ENUM_CONVERSION = YES;
				CLANG_WARN_INFINITE_RECURSION = YES;
				CLANG_WARN_INT_CONVERSION = YES;
				CLANG_WARN_NON_LITERAL_NULL_CONVERSION = YES;
				CLANG_WARN_OBJC_IMPLICIT_RETAIN_SELF = YES;
				CLANG_WARN_OBJC_LITERAL_CONVERSION = YES;
				CLANG_WARN_OBJC_ROOT_CLASS = YES_ERROR;
				CLANG_WARN_QUOTED_INCLUDE_IN_FRAMEWORK_HEADER = YES;
				CLANG_WARN_RANGE_LOOP_ANALYSIS = YES;
				CLANG_WARN_STRICT_PROTOTYPES = YES;
				CLANG_WARN_SUSPICIOUS_MOVE = YES;
				CLANG_WARN_UNGUARDED_AVAILABILITY = YES_AGGRESSIVE;
				CLANG_WARN_UNREACHABLE_CODE = YES;
				CLANG_WARN__DUPLICATE_METHOD_MATCH = YES;
				COPY_PHASE_STRIP = NO;
				DEBUG_INFORMATION_FORMAT = dwarf;
				ENABLE_STRICT_OBJC_MSGSEND = YES;
				ENABLE_TESTABILITY = YES;
				GCC_C_LANGUAGE_STANDARD = gnu11;
				GCC_DYNAMIC_NO_PIC = NO;
				GCC_NO_COMMON_BLOCKS = YES;
				GCC_OPTIMIZATION_LEVEL = 0;
				GCC_PREPROCESSOR_DEFINITIONS = (
					"DEBUG=1",
					"$(inherited)",
				);
				GCC_WARN_64_TO_32_BIT_CONVERSION = YES;
				GCC_WARN_ABOUT_RETURN_TYPE = YES_ERROR;
				GCC_WARN_UNDECLARED_SELECTOR = YES;
				GCC_WARN_UNINITIALIZED_AUTOS = YES_AGGRESSIVE;
				GCC_WARN_UNUSED_FUNCTION = YES;
				GCC_WARN_UNUSED_VARIABLE = YES;
				IPHONEOS_DEPLOYMENT_TARGET = 16.0;
				MTL_ENABLE_DEBUG_INFO = INCLUDE_SOURCE;
				MTL_FAST_MATH = YES;
				ONLY_ACTIVE_ARCH = YES;
				SDKROOT = iphoneos;
				SWIFT_ACTIVE_COMPILATION_CONDITIONS = DEBUG;
				SWIFT_OPTIMIZATION_LEVEL = "-Onone";
			};
			name = Debug;
		};
		6E58129829F4612600FCF7BA /* Release */ = {
			isa = XCBuildConfiguration;
			buildSettings = {
				ALWAYS_SEARCH_USER_PATHS = NO;
				CLANG_ANALYZER_NONNULL = YES;
				CLANG_ANALYZER_NUMBER_OBJECT_CONVERSION = YES_AGGRESSIVE;
				CLANG_CXX_LANGUAGE_STANDARD = "gnu++20";
				CLANG_ENABLE_MODULES = YES;
				CLANG_ENABLE_OBJC_ARC = YES;
				CLANG_ENABLE_OBJC_WEAK = YES;
				CLANG_WARN_BLOCK_CAPTURE_AUTORELEASING = YES;
				CLANG_WARN_BOOL_CONVERSION = YES;
				CLANG_WARN_COMMA = YES;
				CLANG_WARN_CONSTANT_CONVERSION = YES;
				CLANG_WARN_DEPRECATED_OBJC_IMPLEMENTATIONS = YES;
				CLANG_WARN_DIRECT_OBJC_ISA_USAGE = YES_ERROR;
				CLANG_WARN_DOCUMENTATION_COMMENTS = YES;
				CLANG_WARN_EMPTY_BODY = YES;
				CLANG_WARN_ENUM_CONVERSION = YES;
				CLANG_WARN_INFINITE_RECURSION = YES;
				CLANG_WARN_INT_CONVERSION = YES;
				CLANG_WARN_NON_LITERAL_NULL_CONVERSION = YES;
				CLANG_WARN_OBJC_IMPLICIT_RETAIN_SELF = YES;
				CLANG_WARN_OBJC_LITERAL_CONVERSION = YES;
				CLANG_WARN_OBJC_ROOT_CLASS = YES_ERROR;
				CLANG_WARN_QUOTED_INCLUDE_IN_FRAMEWORK_HEADER = YES;
				CLANG_WARN_RANGE_LOOP_ANALYSIS = YES;
				CLANG_WARN_STRICT_PROTOTYPES = YES;
				CLANG_WARN_SUSPICIOUS_MOVE = YES;
				CLANG_WARN_UNGUARDED_AVAILABILITY = YES_AGGRESSIVE;
				CLANG_WARN_UNREACHABLE_CODE = YES;
				CLANG_WARN__DUPLICATE_METHOD_MATCH = YES;
				COPY_PHASE_STRIP = NO;
				DEBUG_INFORMATION_FORMAT = "dwarf-with-dsym";
				ENABLE_NS_ASSERTIONS = NO;
				ENABLE_STRICT_OBJC_MSGSEND = YES;
				GCC_C_LANGUAGE_STANDARD = gnu11;
				GCC_NO_COMMON_BLOCKS = YES;
				GCC_WARN_64_TO_32_BIT_CONVERSION = YES;
				GCC_WARN_ABOUT_RETURN_TYPE = YES_ERROR;
				GCC_WARN_UNDECLARED_SELECTOR = YES;
				GCC_WARN_UNINITIALIZED_AUTOS = YES_AGGRESSIVE;
				GCC_WARN_UNUSED_FUNCTION = YES;
				GCC_WARN_UNUSED_VARIABLE = YES;
				IPHONEOS_DEPLOYMENT_TARGET = 16.0;
				MTL_ENABLE_DEBUG_INFO = NO;
				MTL_FAST_MATH = YES;
				SDKROOT = iphoneos;
				SWIFT_COMPILATION_MODE = wholemodule;
				SWIFT_OPTIMIZATION_LEVEL = "-O";
				VALIDATE_PRODUCT = YES;
			};
			name = Release;
		};
		6E58129A29F4612600FCF7BA /* Debug */ = {
			isa = XCBuildConfiguration;
			baseConfigurationReference = 683485FA4990FE4ABCE17529 /* Pods-TestingAwsUpload.debug.xcconfig */;
			buildSettings = {
				ASSETCATALOG_COMPILER_APPICON_NAME = AppIcon;
				ASSETCATALOG_COMPILER_GLOBAL_ACCENT_COLOR_NAME = AccentColor;
				CODE_SIGN_STYLE = Automatic;
				CURRENT_PROJECT_VERSION = 1;
				DEVELOPMENT_ASSET_PATHS = "\"TestingAwsUpload/Preview Content\"";
				ENABLE_PREVIEWS = YES;
				GENERATE_INFOPLIST_FILE = YES;
				INFOPLIST_FILE = TestingAwsUpload/Info.plist;
				INFOPLIST_KEY_CFBundleDisplayName = "";
				INFOPLIST_KEY_UIApplicationSceneManifest_Generation = YES;
				INFOPLIST_KEY_UIApplicationSupportsIndirectInputEvents = YES;
				INFOPLIST_KEY_UILaunchScreen_Generation = YES;
				INFOPLIST_KEY_UISupportedInterfaceOrientations_iPad = "UIInterfaceOrientationPortrait UIInterfaceOrientationPortraitUpsideDown UIInterfaceOrientationLandscapeLeft UIInterfaceOrientationLandscapeRight";
				INFOPLIST_KEY_UISupportedInterfaceOrientations_iPhone = "UIInterfaceOrientationPortrait UIInterfaceOrientationLandscapeLeft UIInterfaceOrientationLandscapeRight";
				LD_RUNPATH_SEARCH_PATHS = (
					"$(inherited)",
					"@executable_path/Frameworks",
				);
				MARKETING_VERSION = 1.0;
				PRODUCT_BUNDLE_IDENTIFIER = abinaya.TestingAwsUpload;
				PRODUCT_NAME = "$(TARGET_NAME)";
				SWIFT_EMIT_LOC_STRINGS = YES;
				SWIFT_VERSION = 5.0;
				TARGETED_DEVICE_FAMILY = "1,2";
			};
			name = Debug;
		};
		6E58129B29F4612600FCF7BA /* Release */ = {
			isa = XCBuildConfiguration;
			baseConfigurationReference = 04DC5C3F0B14D8926BB2C6EF /* Pods-TestingAwsUpload.release.xcconfig */;
			buildSettings = {
				ASSETCATALOG_COMPILER_APPICON_NAME = AppIcon;
				ASSETCATALOG_COMPILER_GLOBAL_ACCENT_COLOR_NAME = AccentColor;
				CODE_SIGN_STYLE = Automatic;
				CURRENT_PROJECT_VERSION = 1;
				DEVELOPMENT_ASSET_PATHS = "\"TestingAwsUpload/Preview Content\"";
				ENABLE_PREVIEWS = YES;
				GENERATE_INFOPLIST_FILE = YES;
				INFOPLIST_FILE = TestingAwsUpload/Info.plist;
				INFOPLIST_KEY_CFBundleDisplayName = "";
				INFOPLIST_KEY_UIApplicationSceneManifest_Generation = YES;
				INFOPLIST_KEY_UIApplicationSupportsIndirectInputEvents = YES;
				INFOPLIST_KEY_UILaunchScreen_Generation = YES;
				INFOPLIST_KEY_UISupportedInterfaceOrientations_iPad = "UIInterfaceOrientationPortrait UIInterfaceOrientationPortraitUpsideDown UIInterfaceOrientationLandscapeLeft UIInterfaceOrientationLandscapeRight";
				INFOPLIST_KEY_UISupportedInterfaceOrientations_iPhone = "UIInterfaceOrientationPortrait UIInterfaceOrientationLandscapeLeft UIInterfaceOrientationLandscapeRight";
				LD_RUNPATH_SEARCH_PATHS = (
					"$(inherited)",
					"@executable_path/Frameworks",
				);
				MARKETING_VERSION = 1.0;
				PRODUCT_BUNDLE_IDENTIFIER = abinaya.TestingAwsUpload;
				PRODUCT_NAME = "$(TARGET_NAME)";
				SWIFT_EMIT_LOC_STRINGS = YES;
				SWIFT_VERSION = 5.0;
				TARGETED_DEVICE_FAMILY = "1,2";
			};
			name = Release;
		};
		6E58129D29F4612600FCF7BA /* Debug */ = {
			isa = XCBuildConfiguration;
			baseConfigurationReference = 39857A0082DD981E6914F364 /* Pods-TestingAwsUploadTests.debug.xcconfig */;
			buildSettings = {
				ALWAYS_EMBED_SWIFT_STANDARD_LIBRARIES = YES;
				BUNDLE_LOADER = "$(TEST_HOST)";
				CODE_SIGN_STYLE = Automatic;
				CURRENT_PROJECT_VERSION = 1;
				GENERATE_INFOPLIST_FILE = YES;
				IPHONEOS_DEPLOYMENT_TARGET = 16.0;
				MARKETING_VERSION = 1.0;
				PRODUCT_BUNDLE_IDENTIFIER = abinaya.TestingAwsUploadTests;
				PRODUCT_NAME = "$(TARGET_NAME)";
				SWIFT_EMIT_LOC_STRINGS = NO;
				SWIFT_VERSION = 5.0;
				TARGETED_DEVICE_FAMILY = "1,2";
				TEST_HOST = "$(BUILT_PRODUCTS_DIR)/TestingAwsUpload.app/$(BUNDLE_EXECUTABLE_FOLDER_PATH)/TestingAwsUpload";
			};
			name = Debug;
		};
		6E58129E29F4612600FCF7BA /* Release */ = {
			isa = XCBuildConfiguration;
			baseConfigurationReference = 86419C3EE6A4D7630369BA74 /* Pods-TestingAwsUploadTests.release.xcconfig */;
			buildSettings = {
				ALWAYS_EMBED_SWIFT_STANDARD_LIBRARIES = YES;
				BUNDLE_LOADER = "$(TEST_HOST)";
				CODE_SIGN_STYLE = Automatic;
				CURRENT_PROJECT_VERSION = 1;
				GENERATE_INFOPLIST_FILE = YES;
				IPHONEOS_DEPLOYMENT_TARGET = 16.0;
				MARKETING_VERSION = 1.0;
				PRODUCT_BUNDLE_IDENTIFIER = abinaya.TestingAwsUploadTests;
				PRODUCT_NAME = "$(TARGET_NAME)";
				SWIFT_EMIT_LOC_STRINGS = NO;
				SWIFT_VERSION = 5.0;
				TARGETED_DEVICE_FAMILY = "1,2";
				TEST_HOST = "$(BUILT_PRODUCTS_DIR)/TestingAwsUpload.app/$(BUNDLE_EXECUTABLE_FOLDER_PATH)/TestingAwsUpload";
			};
			name = Release;
		};
		6E5812A029F4612600FCF7BA /* Debug */ = {
			isa = XCBuildConfiguration;
			baseConfigurationReference = 156ACD329F7ABDEB063243D8 /* Pods-TestingAwsUpload-TestingAwsUploadUITests.debug.xcconfig */;
			buildSettings = {
				ALWAYS_EMBED_SWIFT_STANDARD_LIBRARIES = YES;
				CODE_SIGN_STYLE = Automatic;
				CURRENT_PROJECT_VERSION = 1;
				GENERATE_INFOPLIST_FILE = YES;
				MARKETING_VERSION = 1.0;
				PRODUCT_BUNDLE_IDENTIFIER = abinaya.TestingAwsUploadUITests;
				PRODUCT_NAME = "$(TARGET_NAME)";
				SWIFT_EMIT_LOC_STRINGS = NO;
				SWIFT_VERSION = 5.0;
				TARGETED_DEVICE_FAMILY = "1,2";
				TEST_TARGET_NAME = TestingAwsUpload;
			};
			name = Debug;
		};
		6E5812A129F4612600FCF7BA /* Release */ = {
			isa = XCBuildConfiguration;
			baseConfigurationReference = 172D63061DC5643282782B32 /* Pods-TestingAwsUpload-TestingAwsUploadUITests.release.xcconfig */;
			buildSettings = {
				ALWAYS_EMBED_SWIFT_STANDARD_LIBRARIES = YES;
				CODE_SIGN_STYLE = Automatic;
				CURRENT_PROJECT_VERSION = 1;
				GENERATE_INFOPLIST_FILE = YES;
				MARKETING_VERSION = 1.0;
				PRODUCT_BUNDLE_IDENTIFIER = abinaya.TestingAwsUploadUITests;
				PRODUCT_NAME = "$(TARGET_NAME)";
				SWIFT_EMIT_LOC_STRINGS = NO;
				SWIFT_VERSION = 5.0;
				TARGETED_DEVICE_FAMILY = "1,2";
				TEST_TARGET_NAME = TestingAwsUpload;
			};
			name = Release;
		};
/* End XCBuildConfiguration section */

/* Begin XCConfigurationList section */
		6E58127029F4612300FCF7BA /* Build configuration list for PBXProject "TestingAwsUpload" */ = {
			isa = XCConfigurationList;
			buildConfigurations = (
				6E58129729F4612600FCF7BA /* Debug */,
				6E58129829F4612600FCF7BA /* Release */,
			);
			defaultConfigurationIsVisible = 0;
			defaultConfigurationName = Release;
		};
		6E58129929F4612600FCF7BA /* Build configuration list for PBXNativeTarget "TestingAwsUpload" */ = {
			isa = XCConfigurationList;
			buildConfigurations = (
				6E58129A29F4612600FCF7BA /* Debug */,
				6E58129B29F4612600FCF7BA /* Release */,
			);
			defaultConfigurationIsVisible = 0;
			defaultConfigurationName = Release;
		};
		6E58129C29F4612600FCF7BA /* Build configuration list for PBXNativeTarget "TestingAwsUploadTests" */ = {
			isa = XCConfigurationList;
			buildConfigurations = (
				6E58129D29F4612600FCF7BA /* Debug */,
				6E58129E29F4612600FCF7BA /* Release */,
			);
			defaultConfigurationIsVisible = 0;
			defaultConfigurationName = Release;
		};
		6E58129F29F4612600FCF7BA /* Build configuration list for PBXNativeTarget "TestingAwsUploadUITests" */ = {
			isa = XCConfigurationList;
			buildConfigurations = (
				6E5812A029F4612600FCF7BA /* Debug */,
				6E5812A129F4612600FCF7BA /* Release */,
			);
			defaultConfigurationIsVisible = 0;
			defaultConfigurationName = Release;
		};
/* End XCConfigurationList section */

/* Begin XCRemoteSwiftPackageReference section */
		6E7964C329FE704D00572AB7 /* XCRemoteSwiftPackageReference "amplify-ios" */ = {
			isa = XCRemoteSwiftPackageReference;
			repositoryURL = "https://github.com/aws-amplify/amplify-ios";
			requirement = {
				kind = upToNextMajorVersion;
				minimumVersion = 2.0.0;
			};
		};
/* End XCRemoteSwiftPackageReference section */

/* Begin XCSwiftPackageProductDependency section */
		6E7964C429FE704E00572AB7 /* AWSAPIPlugin */ = {
			isa = XCSwiftPackageProductDependency;
			package = 6E7964C329FE704D00572AB7 /* XCRemoteSwiftPackageReference "amplify-ios" */;
			productName = AWSAPIPlugin;
		};
		6E7964C629FE704E00572AB7 /* AWSCognitoAuthPlugin */ = {
			isa = XCSwiftPackageProductDependency;
			package = 6E7964C329FE704D00572AB7 /* XCRemoteSwiftPackageReference "amplify-ios" */;
			productName = AWSCognitoAuthPlugin;
		};
		6E7964C829FE704E00572AB7 /* AWSDataStorePlugin */ = {
			isa = XCSwiftPackageProductDependency;
			package = 6E7964C329FE704D00572AB7 /* XCRemoteSwiftPackageReference "amplify-ios" */;
			productName = AWSDataStorePlugin;
		};
		6E7964CA29FE704E00572AB7 /* AWSLocationGeoPlugin */ = {
			isa = XCSwiftPackageProductDependency;
			package = 6E7964C329FE704D00572AB7 /* XCRemoteSwiftPackageReference "amplify-ios" */;
			productName = AWSLocationGeoPlugin;
		};
		6E7964CC29FE704E00572AB7 /* AWSPinpointAnalyticsPlugin */ = {
			isa = XCSwiftPackageProductDependency;
			package = 6E7964C329FE704D00572AB7 /* XCRemoteSwiftPackageReference "amplify-ios" */;
			productName = AWSPinpointAnalyticsPlugin;
		};
		6E7964CE29FE704E00572AB7 /* AWSPinpointPushNotificationsPlugin */ = {
			isa = XCSwiftPackageProductDependency;
			package = 6E7964C329FE704D00572AB7 /* XCRemoteSwiftPackageReference "amplify-ios" */;
			productName = AWSPinpointPushNotificationsPlugin;
		};
		6E7964D029FE704E00572AB7 /* AWSPluginsCore */ = {
			isa = XCSwiftPackageProductDependency;
			package = 6E7964C329FE704D00572AB7 /* XCRemoteSwiftPackageReference "amplify-ios" */;
			productName = AWSPluginsCore;
		};
		6E7964D229FE704E00572AB7 /* AWSPredictionsPlugin */ = {
			isa = XCSwiftPackageProductDependency;
			package = 6E7964C329FE704D00572AB7 /* XCRemoteSwiftPackageReference "amplify-ios" */;
			productName = AWSPredictionsPlugin;
		};
		6E7964D429FE704E00572AB7 /* AWSS3StoragePlugin */ = {
			isa = XCSwiftPackageProductDependency;
			package = 6E7964C329FE704D00572AB7 /* XCRemoteSwiftPackageReference "amplify-ios" */;
			productName = AWSS3StoragePlugin;
		};
		6E7964D629FE704E00572AB7 /* Amplify */ = {
			isa = XCSwiftPackageProductDependency;
			package = 6E7964C329FE704D00572AB7 /* XCRemoteSwiftPackageReference "amplify-ios" */;
			productName = Amplify;
		};
		6E7964D829FE704E00572AB7 /* CoreMLPredictionsPlugin */ = {
			isa = XCSwiftPackageProductDependency;
			package = 6E7964C329FE704D00572AB7 /* XCRemoteSwiftPackageReference "amplify-ios" */;
			productName = CoreMLPredictionsPlugin;
		};
/* End XCSwiftPackageProductDependency section */
	};
	rootObject = 6E58126D29F4612300FCF7BA /* Project object */;
}
