// !$*UTF8*$!
{
	archiveVersion = 1;
	classes = {
	};
	objectVersion = 56;
	objects = {

/* Begin PBXBuildFile section */
		6E0B6AFD2A5B8C4F00923CA8 /* Notes.swift in Sources */ = {isa = PBXBuildFile; fileRef = 6E0B6AFC2A5B8C4E00923CA8 /* Notes.swift */; };
		6E0B6AFF2A5B8C7A00923CA8 /* UserData.swift in Sources */ = {isa = PBXBuildFile; fileRef = 6E0B6AFE2A5B8C7A00923CA8 /* UserData.swift */; };
		6E4613402A69E30A001E7E8E /* amplifyconfiguration.json in Resources */ = {isa = PBXBuildFile; fileRef = 6E46133E2A69E30A001E7E8E /* amplifyconfiguration.json */; };
		6E4613412A69E30A001E7E8E /* awsconfiguration.json in Resources */ = {isa = PBXBuildFile; fileRef = 6E46133F2A69E30A001E7E8E /* awsconfiguration.json */; };
		6E476EAA29F8BDC600295E9D /* Pods in Resources */ = {isa = PBXBuildFile; fileRef = 6E476EA929F8BDC600295E9D /* Pods */; };
		6E58127929F4612300FCF7BA /* TestingAwsUploadApp.swift in Sources */ = {isa = PBXBuildFile; fileRef = 6E58127829F4612300FCF7BA /* TestingAwsUploadApp.swift */; };
		6E58127B29F4612300FCF7BA /* ContentView.swift in Sources */ = {isa = PBXBuildFile; fileRef = 6E58127A29F4612300FCF7BA /* ContentView.swift */; };
		6E58127D29F4612600FCF7BA /* Assets.xcassets in Resources */ = {isa = PBXBuildFile; fileRef = 6E58127C29F4612600FCF7BA /* Assets.xcassets */; };
		6E58128A29F4612600FCF7BA /* TestingAwsUploadTests.swift in Sources */ = {isa = PBXBuildFile; fileRef = 6E58128929F4612600FCF7BA /* TestingAwsUploadTests.swift */; };
		6E58129429F4612600FCF7BA /* TestingAwsUploadUITests.swift in Sources */ = {isa = PBXBuildFile; fileRef = 6E58129329F4612600FCF7BA /* TestingAwsUploadUITests.swift */; };
		6E58129629F4612600FCF7BA /* TestingAwsUploadUITestsLaunchTests.swift in Sources */ = {isa = PBXBuildFile; fileRef = 6E58129529F4612600FCF7BA /* TestingAwsUploadUITestsLaunchTests.swift */; };
		6E5B56692A3EA41500692A23 /* DataStore.swift in Sources */ = {isa = PBXBuildFile; fileRef = 6E5B56682A3EA41500692A23 /* DataStore.swift */; };
		6E6409622A1C0ECF00E82C5A /* LaunchScreen.storyboard in Resources */ = {isa = PBXBuildFile; fileRef = 6E6409612A1C0ECF00E82C5A /* LaunchScreen.storyboard */; };
		6E7964DB29FEBEBA00572AB7 /* ImagePicker.swift in Sources */ = {isa = PBXBuildFile; fileRef = 6E7964DA29FEBEBA00572AB7 /* ImagePicker.swift */; };
		6E7964E229FEDB2D00572AB7 /* ExperimentsView.swift in Sources */ = {isa = PBXBuildFile; fileRef = 6E7964E129FEDB2C00572AB7 /* ExperimentsView.swift */; };
		6E9048302A46652D0055AEBE /* SampleView.swift in Sources */ = {isa = PBXBuildFile; fileRef = 6E90482F2A46652D0055AEBE /* SampleView.swift */; };
		6E9048322A466CF90055AEBE /* ViewSample.swift in Sources */ = {isa = PBXBuildFile; fileRef = 6E9048312A466CF90055AEBE /* ViewSample.swift */; };
		6EB527C22A3AD08F00719149 /* SymbolGrid.swift in Sources */ = {isa = PBXBuildFile; fileRef = 6EB527C02A3AD08C00719149 /* SymbolGrid.swift */; };
		6EB527C32A3AD08F00719149 /* SymbolDetail.swift in Sources */ = {isa = PBXBuildFile; fileRef = 6EB527C12A3AD08E00719149 /* SymbolDetail.swift */; };
		6EB527C72A3ADABC00719149 /* CoverImage.swift in Sources */ = {isa = PBXBuildFile; fileRef = 6EB527C62A3ADABB00719149 /* CoverImage.swift */; };
		6EEA9D652A3EC853005BE56C /* ExperimentView.swift in Sources */ = {isa = PBXBuildFile; fileRef = 6EEA9D642A3EC853005BE56C /* ExperimentView.swift */; };
		6EEA9D672A3FCFC2005BE56C /* Sample.swift in Sources */ = {isa = PBXBuildFile; fileRef = 6EEA9D662A3FCFC2005BE56C /* Sample.swift */; };
		6EECFCFD2A6CD61800104826 /* AWSCognitoAuthPlugin in Frameworks */ = {isa = PBXBuildFile; productRef = 6EECFCFC2A6CD61800104826 /* AWSCognitoAuthPlugin */; };
		6EECFCFF2A6CD61D00104826 /* Amplify in Frameworks */ = {isa = PBXBuildFile; productRef = 6EECFCFE2A6CD61D00104826 /* Amplify */; };
		D69BFA2E422DC526AFD05A06 /* Pods_TestingAwsUpload.framework in Frameworks */ = {isa = PBXBuildFile; fileRef = 7D12A7FCCB065BB8726FA7F5 /* Pods_TestingAwsUpload.framework */; };
		E8288D102A50EB5B007DE955 /* Experiment.swift in Sources */ = {isa = PBXBuildFile; fileRef = E8288D0F2A50EB5B007DE955 /* Experiment.swift */; };
		E8288D142A50EBC0007DE955 /* View+Ext.swift in Sources */ = {isa = PBXBuildFile; fileRef = E8288D132A50EBC0007DE955 /* View+Ext.swift */; };
		E8CCF4A52A5A06D2009ADD08 /* SampleDetailView.swift in Sources */ = {isa = PBXBuildFile; fileRef = E8CCF4A42A5A06D2009ADD08 /* SampleDetailView.swift */; };
		E8CCF4A72A5A19CE009ADD08 /* Wiggle.swift in Sources */ = {isa = PBXBuildFile; fileRef = E8CCF4A62A5A19CE009ADD08 /* Wiggle.swift */; };
		E8F870432A5FC3B100D42E86 /* CreateSampleView.swift in Sources */ = {isa = PBXBuildFile; fileRef = E8F870422A5FC3B100D42E86 /* CreateSampleView.swift */; };
/* End PBXBuildFile section */

/* Begin PBXFileReference section */
		04DC5C3F0B14D8926BB2C6EF /* Pods-TestingAwsUpload.release.xcconfig */ = {isa = PBXFileReference; includeInIndex = 1; lastKnownFileType = text.xcconfig; name = "Pods-TestingAwsUpload.release.xcconfig"; path = "Target Support Files/Pods-TestingAwsUpload/Pods-TestingAwsUpload.release.xcconfig"; sourceTree = "<group>"; };
		683485FA4990FE4ABCE17529 /* Pods-TestingAwsUpload.debug.xcconfig */ = {isa = PBXFileReference; includeInIndex = 1; lastKnownFileType = text.xcconfig; name = "Pods-TestingAwsUpload.debug.xcconfig"; path = "Target Support Files/Pods-TestingAwsUpload/Pods-TestingAwsUpload.debug.xcconfig"; sourceTree = "<group>"; };
		6E0B6AFC2A5B8C4E00923CA8 /* Notes.swift */ = {isa = PBXFileReference; lastKnownFileType = sourcecode.swift; path = Notes.swift; sourceTree = "<group>"; };
		6E0B6AFE2A5B8C7A00923CA8 /* UserData.swift */ = {isa = PBXFileReference; lastKnownFileType = sourcecode.swift; path = UserData.swift; sourceTree = "<group>"; };
		6E46133E2A69E30A001E7E8E /* amplifyconfiguration.json */ = {isa = PBXFileReference; fileEncoding = 4; lastKnownFileType = text.json; path = amplifyconfiguration.json; sourceTree = "<group>"; };
		6E46133F2A69E30A001E7E8E /* awsconfiguration.json */ = {isa = PBXFileReference; fileEncoding = 4; lastKnownFileType = text.json; path = awsconfiguration.json; sourceTree = "<group>"; };
		6E476EA929F8BDC600295E9D /* Pods */ = {isa = PBXFileReference; fileEncoding = 4; lastKnownFileType = text; path = Pods; sourceTree = SOURCE_ROOT; };
		6E58127529F4612300FCF7BA /* TestingAwsUpload.app */ = {isa = PBXFileReference; explicitFileType = wrapper.application; includeInIndex = 0; path = TestingAwsUpload.app; sourceTree = BUILT_PRODUCTS_DIR; };
		6E58127829F4612300FCF7BA /* TestingAwsUploadApp.swift */ = {isa = PBXFileReference; lastKnownFileType = sourcecode.swift; path = TestingAwsUploadApp.swift; sourceTree = "<group>"; };
		6E58127A29F4612300FCF7BA /* ContentView.swift */ = {isa = PBXFileReference; lastKnownFileType = sourcecode.swift; path = ContentView.swift; sourceTree = "<group>"; };
		6E58127C29F4612600FCF7BA /* Assets.xcassets */ = {isa = PBXFileReference; lastKnownFileType = folder.assetcatalog; path = Assets.xcassets; sourceTree = "<group>"; };
		6E58128529F4612600FCF7BA /* TestingAwsUploadTests.xctest */ = {isa = PBXFileReference; explicitFileType = wrapper.cfbundle; includeInIndex = 0; path = TestingAwsUploadTests.xctest; sourceTree = BUILT_PRODUCTS_DIR; };
		6E58128929F4612600FCF7BA /* TestingAwsUploadTests.swift */ = {isa = PBXFileReference; lastKnownFileType = sourcecode.swift; path = TestingAwsUploadTests.swift; sourceTree = "<group>"; };
		6E58128F29F4612600FCF7BA /* TestingAwsUploadUITests.xctest */ = {isa = PBXFileReference; explicitFileType = wrapper.cfbundle; includeInIndex = 0; path = TestingAwsUploadUITests.xctest; sourceTree = BUILT_PRODUCTS_DIR; };
		6E58129329F4612600FCF7BA /* TestingAwsUploadUITests.swift */ = {isa = PBXFileReference; lastKnownFileType = sourcecode.swift; path = TestingAwsUploadUITests.swift; sourceTree = "<group>"; };
		6E58129529F4612600FCF7BA /* TestingAwsUploadUITestsLaunchTests.swift */ = {isa = PBXFileReference; lastKnownFileType = sourcecode.swift; path = TestingAwsUploadUITestsLaunchTests.swift; sourceTree = "<group>"; };
		6E5B56682A3EA41500692A23 /* DataStore.swift */ = {isa = PBXFileReference; lastKnownFileType = sourcecode.swift; path = DataStore.swift; sourceTree = "<group>"; };
		6E6409612A1C0ECF00E82C5A /* LaunchScreen.storyboard */ = {isa = PBXFileReference; lastKnownFileType = file.storyboard; path = LaunchScreen.storyboard; sourceTree = "<group>"; };
		6E7964DA29FEBEBA00572AB7 /* ImagePicker.swift */ = {isa = PBXFileReference; lastKnownFileType = sourcecode.swift; path = ImagePicker.swift; sourceTree = "<group>"; };
		6E7964DE29FEC4ED00572AB7 /* Info.plist */ = {isa = PBXFileReference; lastKnownFileType = text.plist; path = Info.plist; sourceTree = "<group>"; };
		6E7964E129FEDB2C00572AB7 /* ExperimentsView.swift */ = {isa = PBXFileReference; lastKnownFileType = sourcecode.swift; path = ExperimentsView.swift; sourceTree = "<group>"; };
		6E90482F2A46652D0055AEBE /* SampleView.swift */ = {isa = PBXFileReference; lastKnownFileType = sourcecode.swift; path = SampleView.swift; sourceTree = "<group>"; };
		6E9048312A466CF90055AEBE /* ViewSample.swift */ = {isa = PBXFileReference; lastKnownFileType = sourcecode.swift; path = ViewSample.swift; sourceTree = "<group>"; };
		6EB527C02A3AD08C00719149 /* SymbolGrid.swift */ = {isa = PBXFileReference; fileEncoding = 4; lastKnownFileType = sourcecode.swift; path = SymbolGrid.swift; sourceTree = "<group>"; };
		6EB527C12A3AD08E00719149 /* SymbolDetail.swift */ = {isa = PBXFileReference; fileEncoding = 4; lastKnownFileType = sourcecode.swift; path = SymbolDetail.swift; sourceTree = "<group>"; };
		6EB527C62A3ADABB00719149 /* CoverImage.swift */ = {isa = PBXFileReference; fileEncoding = 4; lastKnownFileType = sourcecode.swift; path = CoverImage.swift; sourceTree = "<group>"; };
		6EEA9D642A3EC853005BE56C /* ExperimentView.swift */ = {isa = PBXFileReference; fileEncoding = 4; lastKnownFileType = sourcecode.swift; name = ExperimentView.swift; path = TestingAwsUpload/ExperimentView.swift; sourceTree = SOURCE_ROOT; };
		6EEA9D662A3FCFC2005BE56C /* Sample.swift */ = {isa = PBXFileReference; fileEncoding = 4; lastKnownFileType = sourcecode.swift; path = Sample.swift; sourceTree = "<group>"; };
		776407C1FF7B1F9DA05D05ED /* amplifyconfiguration.json */ = {isa = PBXFileReference; explicitFileType = text.json; path = amplifyconfiguration.json; sourceTree = "<group>"; };
		7D12A7FCCB065BB8726FA7F5 /* Pods_TestingAwsUpload.framework */ = {isa = PBXFileReference; explicitFileType = wrapper.framework; includeInIndex = 0; path = Pods_TestingAwsUpload.framework; sourceTree = BUILT_PRODUCTS_DIR; };
		8D851EF2F0A08CF90F833A5B /* awsconfiguration.json */ = {isa = PBXFileReference; explicitFileType = text.json; path = awsconfiguration.json; sourceTree = "<group>"; };
		E8288D0F2A50EB5B007DE955 /* Experiment.swift */ = {isa = PBXFileReference; lastKnownFileType = sourcecode.swift; path = Experiment.swift; sourceTree = "<group>"; };
		E8288D132A50EBC0007DE955 /* View+Ext.swift */ = {isa = PBXFileReference; lastKnownFileType = sourcecode.swift; path = "View+Ext.swift"; sourceTree = "<group>"; };
		E8CCF4A42A5A06D2009ADD08 /* SampleDetailView.swift */ = {isa = PBXFileReference; lastKnownFileType = sourcecode.swift; path = SampleDetailView.swift; sourceTree = "<group>"; };
		E8CCF4A62A5A19CE009ADD08 /* Wiggle.swift */ = {isa = PBXFileReference; lastKnownFileType = sourcecode.swift; path = Wiggle.swift; sourceTree = "<group>"; };
		E8F870422A5FC3B100D42E86 /* CreateSampleView.swift */ = {isa = PBXFileReference; lastKnownFileType = sourcecode.swift; path = CreateSampleView.swift; sourceTree = "<group>"; };
/* End PBXFileReference section */

/* Begin PBXFrameworksBuildPhase section */
		6E58127229F4612300FCF7BA /* Frameworks */ = {
			isa = PBXFrameworksBuildPhase;
			buildActionMask = 2147483647;
			files = (
				6EECFCFF2A6CD61D00104826 /* Amplify in Frameworks */,
				D69BFA2E422DC526AFD05A06 /* Pods_TestingAwsUpload.framework in Frameworks */,
				6EECFCFD2A6CD61800104826 /* AWSCognitoAuthPlugin in Frameworks */,
			);
			runOnlyForDeploymentPostprocessing = 0;
		};
		6E58128229F4612600FCF7BA /* Frameworks */ = {
			isa = PBXFrameworksBuildPhase;
			buildActionMask = 2147483647;
			files = (
			);
			runOnlyForDeploymentPostprocessing = 0;
		};
		6E58128C29F4612600FCF7BA /* Frameworks */ = {
			isa = PBXFrameworksBuildPhase;
			buildActionMask = 2147483647;
			files = (
			);
			runOnlyForDeploymentPostprocessing = 0;
		};
/* End PBXFrameworksBuildPhase section */

/* Begin PBXGroup section */
		6E58126C29F4612300FCF7BA = {
			isa = PBXGroup;
			children = (
				6E58127729F4612300FCF7BA /* TestingAwsUpload */,
				6E58128829F4612600FCF7BA /* TestingAwsUploadTests */,
				6E58129229F4612600FCF7BA /* TestingAwsUploadUITests */,
				6E58127629F4612300FCF7BA /* Products */,
				8B0DCBA9DC19DFE4EA1EF81A /* Pods */,
				8C60D98BB4DD19E4560E1CE4 /* Frameworks */,
				E0516AF7F5D4F54E113E4008 /* AmplifyConfig */,
			);
			sourceTree = "<group>";
		};
		6E58127629F4612300FCF7BA /* Products */ = {
			isa = PBXGroup;
			children = (
				6E58127529F4612300FCF7BA /* TestingAwsUpload.app */,
				6E58128529F4612600FCF7BA /* TestingAwsUploadTests.xctest */,
				6E58128F29F4612600FCF7BA /* TestingAwsUploadUITests.xctest */,
			);
			name = Products;
			sourceTree = "<group>";
		};
		6E58127729F4612300FCF7BA /* TestingAwsUpload */ = {
			isa = PBXGroup;
			children = (
				E8288D0E2A50E857007DE955 /* Models */,
				6E7964DE29FEC4ED00572AB7 /* Info.plist */,
				6E58127829F4612300FCF7BA /* TestingAwsUploadApp.swift */,
				6E58127A29F4612300FCF7BA /* ContentView.swift */,
				6E58127C29F4612600FCF7BA /* Assets.xcassets */,
				6E7964E129FEDB2C00572AB7 /* ExperimentsView.swift */,
				6E46133E2A69E30A001E7E8E /* amplifyconfiguration.json */,
				6E46133F2A69E30A001E7E8E /* awsconfiguration.json */,
				6EEA9D642A3EC853005BE56C /* ExperimentView.swift */,
				E8F870422A5FC3B100D42E86 /* CreateSampleView.swift */,
				6E7964DA29FEBEBA00572AB7 /* ImagePicker.swift */,
				E8CCF4A42A5A06D2009ADD08 /* SampleDetailView.swift */,
				6EB527C12A3AD08E00719149 /* SymbolDetail.swift */,
				6EB527C02A3AD08C00719149 /* SymbolGrid.swift */,
				6E6409612A1C0ECF00E82C5A /* LaunchScreen.storyboard */,
				6E90482F2A46652D0055AEBE /* SampleView.swift */,
				6E9048312A466CF90055AEBE /* ViewSample.swift */,
				E8288D132A50EBC0007DE955 /* View+Ext.swift */,
				E8CCF4A62A5A19CE009ADD08 /* Wiggle.swift */,
				6E0B6AFC2A5B8C4E00923CA8 /* Notes.swift */,
				6E0B6AFE2A5B8C7A00923CA8 /* UserData.swift */,
			);
			path = TestingAwsUpload;
			sourceTree = "<group>";
		};
		6E58128829F4612600FCF7BA /* TestingAwsUploadTests */ = {
			isa = PBXGroup;
			children = (
				6E58128929F4612600FCF7BA /* TestingAwsUploadTests.swift */,
			);
			path = TestingAwsUploadTests;
			sourceTree = "<group>";
		};
		6E58129229F4612600FCF7BA /* TestingAwsUploadUITests */ = {
			isa = PBXGroup;
			children = (
				6E58129329F4612600FCF7BA /* TestingAwsUploadUITests.swift */,
				6E58129529F4612600FCF7BA /* TestingAwsUploadUITestsLaunchTests.swift */,
				6E476EA929F8BDC600295E9D /* Pods */,
			);
			path = TestingAwsUploadUITests;
			sourceTree = "<group>";
		};
		8B0DCBA9DC19DFE4EA1EF81A /* Pods */ = {
			isa = PBXGroup;
			children = (
				683485FA4990FE4ABCE17529 /* Pods-TestingAwsUpload.debug.xcconfig */,
				04DC5C3F0B14D8926BB2C6EF /* Pods-TestingAwsUpload.release.xcconfig */,
			);
			path = Pods;
			sourceTree = "<group>";
		};
		8C60D98BB4DD19E4560E1CE4 /* Frameworks */ = {
			isa = PBXGroup;
			children = (
				7D12A7FCCB065BB8726FA7F5 /* Pods_TestingAwsUpload.framework */,
			);
			name = Frameworks;
			sourceTree = "<group>";
		};
		E0516AF7F5D4F54E113E4008 /* AmplifyConfig */ = {
			isa = PBXGroup;
			children = (
				8D851EF2F0A08CF90F833A5B /* awsconfiguration.json */,
				776407C1FF7B1F9DA05D05ED /* amplifyconfiguration.json */,
			);
			name = AmplifyConfig;
			sourceTree = "<group>";
		};
		E8288D0E2A50E857007DE955 /* Models */ = {
			isa = PBXGroup;
			children = (
				6E5B56682A3EA41500692A23 /* DataStore.swift */,
				6EB527C62A3ADABB00719149 /* CoverImage.swift */,
				6EEA9D662A3FCFC2005BE56C /* Sample.swift */,
				E8288D0F2A50EB5B007DE955 /* Experiment.swift */,
			);
			path = Models;
			sourceTree = "<group>";
		};
/* End PBXGroup section */

/* Begin PBXNativeTarget section */
		6E58127429F4612300FCF7BA /* TestingAwsUpload */ = {
			isa = PBXNativeTarget;
			buildConfigurationList = 6E58129929F4612600FCF7BA /* Build configuration list for PBXNativeTarget "TestingAwsUpload" */;
			buildPhases = (
				9CDFFAE2D4A9935159367B1A /* [CP] Check Pods Manifest.lock */,
				6E58127129F4612300FCF7BA /* Sources */,
				6E58127229F4612300FCF7BA /* Frameworks */,
				6E58127329F4612300FCF7BA /* Resources */,
			);
			buildRules = (
			);
			dependencies = (
			);
			name = TestingAwsUpload;
			packageProductDependencies = (
				6EECFCFC2A6CD61800104826 /* AWSCognitoAuthPlugin */,
				6EECFCFE2A6CD61D00104826 /* Amplify */,
			);
			productName = TestingAwsUpload;
			productReference = 6E58127529F4612300FCF7BA /* TestingAwsUpload.app */;
			productType = "com.apple.product-type.application";
		};
		6E58128429F4612600FCF7BA /* TestingAwsUploadTests */ = {
			isa = PBXNativeTarget;
			buildConfigurationList = 6E58129C29F4612600FCF7BA /* Build configuration list for PBXNativeTarget "TestingAwsUploadTests" */;
			buildPhases = (
				6E58128129F4612600FCF7BA /* Sources */,
				6E58128229F4612600FCF7BA /* Frameworks */,
				6E58128329F4612600FCF7BA /* Resources */,
			);
			buildRules = (
			);
			dependencies = (
			);
			name = TestingAwsUploadTests;
			productName = TestingAwsUploadTests;
			productReference = 6E58128529F4612600FCF7BA /* TestingAwsUploadTests.xctest */;
			productType = "com.apple.product-type.bundle.unit-test";
		};
		6E58128E29F4612600FCF7BA /* TestingAwsUploadUITests */ = {
			isa = PBXNativeTarget;
			buildConfigurationList = 6E58129F29F4612600FCF7BA /* Build configuration list for PBXNativeTarget "TestingAwsUploadUITests" */;
			buildPhases = (
				6E58128B29F4612600FCF7BA /* Sources */,
				6E58128C29F4612600FCF7BA /* Frameworks */,
				6E58128D29F4612600FCF7BA /* Resources */,
			);
			buildRules = (
			);
			dependencies = (
			);
			name = TestingAwsUploadUITests;
			productName = TestingAwsUploadUITests;
			productReference = 6E58128F29F4612600FCF7BA /* TestingAwsUploadUITests.xctest */;
			productType = "com.apple.product-type.bundle.ui-testing";
		};
/* End PBXNativeTarget section */

/* Begin PBXProject section */
		6E58126D29F4612300FCF7BA /* Project object */ = {
			isa = PBXProject;
			attributes = {
				BuildIndependentTargetsInParallel = 1;
				LastSwiftUpdateCheck = 1400;
				LastUpgradeCheck = 1400;
				TargetAttributes = {
					6E58127429F4612300FCF7BA = {
						CreatedOnToolsVersion = 14.0;
					};
					6E58128429F4612600FCF7BA = {
						CreatedOnToolsVersion = 14.0;
						TestTargetID = 6E58127429F4612300FCF7BA;
					};
					6E58128E29F4612600FCF7BA = {
						CreatedOnToolsVersion = 14.0;
						TestTargetID = 6E58127429F4612300FCF7BA;
					};
				};
			};
			buildConfigurationList = 6E58127029F4612300FCF7BA /* Build configuration list for PBXProject "TestingAwsUpload" */;
			compatibilityVersion = "Xcode 14.0";
			developmentRegion = en;
			hasScannedForEncodings = 0;
			knownRegions = (
				en,
				Base,
			);
			mainGroup = 6E58126C29F4612300FCF7BA;
			packageReferences = (
				6E3E316A2A2E5CD00012A8B9 /* XCRemoteSwiftPackageReference "amplify-swift" */,
			);
			productRefGroup = 6E58127629F4612300FCF7BA /* Products */;
			projectDirPath = "";
			projectRoot = "";
			targets = (
				6E58127429F4612300FCF7BA /* TestingAwsUpload */,
				6E58128429F4612600FCF7BA /* TestingAwsUploadTests */,
				6E58128E29F4612600FCF7BA /* TestingAwsUploadUITests */,
			);
		};
/* End PBXProject section */

/* Begin PBXResourcesBuildPhase section */
		6E58127329F4612300FCF7BA /* Resources */ = {
			isa = PBXResourcesBuildPhase;
			buildActionMask = 2147483647;
			files = (
				6E4613412A69E30A001E7E8E /* awsconfiguration.json in Resources */,
				6E6409622A1C0ECF00E82C5A /* LaunchScreen.storyboard in Resources */,
				6E4613402A69E30A001E7E8E /* amplifyconfiguration.json in Resources */,
				6E58127D29F4612600FCF7BA /* Assets.xcassets in Resources */,
			);
			runOnlyForDeploymentPostprocessing = 0;
		};
		6E58128329F4612600FCF7BA /* Resources */ = {
			isa = PBXResourcesBuildPhase;
			buildActionMask = 2147483647;
			files = (
			);
			runOnlyForDeploymentPostprocessing = 0;
		};
		6E58128D29F4612600FCF7BA /* Resources */ = {
			isa = PBXResourcesBuildPhase;
			buildActionMask = 2147483647;
			files = (
				6E476EAA29F8BDC600295E9D /* Pods in Resources */,
			);
			runOnlyForDeploymentPostprocessing = 0;
		};
/* End PBXResourcesBuildPhase section */

/* Begin PBXShellScriptBuildPhase section */
		9CDFFAE2D4A9935159367B1A /* [CP] Check Pods Manifest.lock */ = {
			isa = PBXShellScriptBuildPhase;
			buildActionMask = 2147483647;
			files = (
			);
			inputFileListPaths = (
			);
			inputPaths = (
				"${PODS_PODFILE_DIR_PATH}/Podfile.lock",
				"${PODS_ROOT}/Manifest.lock",
			);
			name = "[CP] Check Pods Manifest.lock";
			outputFileListPaths = (
			);
			outputPaths = (
				"$(DERIVED_FILE_DIR)/Pods-TestingAwsUpload-checkManifestLockResult.txt",
			);
			runOnlyForDeploymentPostprocessing = 0;
			shellPath = /bin/sh;
			shellScript = "diff \"${PODS_PODFILE_DIR_PATH}/Podfile.lock\" \"${PODS_ROOT}/Manifest.lock\" > /dev/null\nif [ $? != 0 ] ; then\n    # print error to STDERR\n    echo \"error: The sandbox is not in sync with the Podfile.lock. Run 'pod install' or update your CocoaPods installation.\" >&2\n    exit 1\nfi\n# This output is used by Xcode 'outputs' to avoid re-running this script phase.\necho \"SUCCESS\" > \"${SCRIPT_OUTPUT_FILE_0}\"\n";
			showEnvVarsInLog = 0;
		};
/* End PBXShellScriptBuildPhase section */

/* Begin PBXSourcesBuildPhase section */
		6E58127129F4612300FCF7BA /* Sources */ = {
			isa = PBXSourcesBuildPhase;
			buildActionMask = 2147483647;
			files = (
				E8288D142A50EBC0007DE955 /* View+Ext.swift in Sources */,
				E8288D102A50EB5B007DE955 /* Experiment.swift in Sources */,
				6EEA9D652A3EC853005BE56C /* ExperimentView.swift in Sources */,
				6E0B6AFF2A5B8C7A00923CA8 /* UserData.swift in Sources */,
				6E5B56692A3EA41500692A23 /* DataStore.swift in Sources */,
				6E7964DB29FEBEBA00572AB7 /* ImagePicker.swift in Sources */,
				6E0B6AFD2A5B8C4F00923CA8 /* Notes.swift in Sources */,
				6E58127B29F4612300FCF7BA /* ContentView.swift in Sources */,
				6EB527C32A3AD08F00719149 /* SymbolDetail.swift in Sources */,
				6E7964E229FEDB2D00572AB7 /* ExperimentsView.swift in Sources */,
				6E9048322A466CF90055AEBE /* ViewSample.swift in Sources */,
				6EB527C22A3AD08F00719149 /* SymbolGrid.swift in Sources */,
				6E58127929F4612300FCF7BA /* TestingAwsUploadApp.swift in Sources */,
				E8CCF4A52A5A06D2009ADD08 /* SampleDetailView.swift in Sources */,
				E8CCF4A72A5A19CE009ADD08 /* Wiggle.swift in Sources */,
				6EB527C72A3ADABC00719149 /* CoverImage.swift in Sources */,
				E8F870432A5FC3B100D42E86 /* CreateSampleView.swift in Sources */,
				6E9048302A46652D0055AEBE /* SampleView.swift in Sources */,
				6EEA9D672A3FCFC2005BE56C /* Sample.swift in Sources */,
			);
			runOnlyForDeploymentPostprocessing = 0;
		};
		6E58128129F4612600FCF7BA /* Sources */ = {
			isa = PBXSourcesBuildPhase;
			buildActionMask = 2147483647;
			files = (
				6E58128A29F4612600FCF7BA /* TestingAwsUploadTests.swift in Sources */,
			);
			runOnlyForDeploymentPostprocessing = 0;
		};
		6E58128B29F4612600FCF7BA /* Sources */ = {
			isa = PBXSourcesBuildPhase;
			buildActionMask = 2147483647;
			files = (
				6E58129629F4612600FCF7BA /* TestingAwsUploadUITestsLaunchTests.swift in Sources */,
				6E58129429F4612600FCF7BA /* TestingAwsUploadUITests.swift in Sources */,
			);
			runOnlyForDeploymentPostprocessing = 0;
		};
/* End PBXSourcesBuildPhase section */

/* Begin XCBuildConfiguration section */
		6E58129729F4612600FCF7BA /* Debug */ = {
			isa = XCBuildConfiguration;
			buildSettings = {
				ALWAYS_SEARCH_USER_PATHS = NO;
				CLANG_ANALYZER_NONNULL = YES;
				CLANG_ANALYZER_NUMBER_OBJECT_CONVERSION = YES_AGGRESSIVE;
				CLANG_CXX_LANGUAGE_STANDARD = "gnu++20";
				CLANG_ENABLE_MODULES = YES;
				CLANG_ENABLE_OBJC_ARC = YES;
				CLANG_ENABLE_OBJC_WEAK = YES;
				CLANG_WARN_BLOCK_CAPTURE_AUTORELEASING = YES;
				CLANG_WARN_BOOL_CONVERSION = YES;
				CLANG_WARN_COMMA = YES;
				CLANG_WARN_CONSTANT_CONVERSION = YES;
				CLANG_WARN_DEPRECATED_OBJC_IMPLEMENTATIONS = YES;
				CLANG_WARN_DIRECT_OBJC_ISA_USAGE = YES_ERROR;
				CLANG_WARN_DOCUMENTATION_COMMENTS = YES;
				CLANG_WARN_EMPTY_BODY = YES;
				CLANG_WARN_ENUM_CONVERSION = YES;
				CLANG_WARN_INFINITE_RECURSION = YES;
				CLANG_WARN_INT_CONVERSION = YES;
				CLANG_WARN_NON_LITERAL_NULL_CONVERSION = YES;
				CLANG_WARN_OBJC_IMPLICIT_RETAIN_SELF = YES;
				CLANG_WARN_OBJC_LITERAL_CONVERSION = YES;
				CLANG_WARN_OBJC_ROOT_CLASS = YES_ERROR;
				CLANG_WARN_QUOTED_INCLUDE_IN_FRAMEWORK_HEADER = YES;
				CLANG_WARN_RANGE_LOOP_ANALYSIS = YES;
				CLANG_WARN_STRICT_PROTOTYPES = YES;
				CLANG_WARN_SUSPICIOUS_MOVE = YES;
				CLANG_WARN_UNGUARDED_AVAILABILITY = YES_AGGRESSIVE;
				CLANG_WARN_UNREACHABLE_CODE = YES;
				CLANG_WARN__DUPLICATE_METHOD_MATCH = YES;
				COPY_PHASE_STRIP = NO;
				DEBUG_INFORMATION_FORMAT = dwarf;
				ENABLE_STRICT_OBJC_MSGSEND = YES;
				ENABLE_TESTABILITY = YES;
				GCC_C_LANGUAGE_STANDARD = gnu11;
				GCC_DYNAMIC_NO_PIC = NO;
				GCC_NO_COMMON_BLOCKS = YES;
				GCC_OPTIMIZATION_LEVEL = 0;
				GCC_PREPROCESSOR_DEFINITIONS = (
					"DEBUG=1",
					"$(inherited)",
				);
				GCC_WARN_64_TO_32_BIT_CONVERSION = YES;
				GCC_WARN_ABOUT_RETURN_TYPE = YES_ERROR;
				GCC_WARN_UNDECLARED_SELECTOR = YES;
				GCC_WARN_UNINITIALIZED_AUTOS = YES_AGGRESSIVE;
				GCC_WARN_UNUSED_FUNCTION = YES;
				GCC_WARN_UNUSED_VARIABLE = YES;
				IPHONEOS_DEPLOYMENT_TARGET = 16.0;
				MTL_ENABLE_DEBUG_INFO = INCLUDE_SOURCE;
				MTL_FAST_MATH = YES;
				ONLY_ACTIVE_ARCH = YES;
				SDKROOT = iphoneos;
				SWIFT_ACTIVE_COMPILATION_CONDITIONS = DEBUG;
				SWIFT_OPTIMIZATION_LEVEL = "-Onone";
			};
			name = Debug;
		};
		6E58129829F4612600FCF7BA /* Release */ = {
			isa = XCBuildConfiguration;
			buildSettings = {
				ALWAYS_SEARCH_USER_PATHS = NO;
				CLANG_ANALYZER_NONNULL = YES;
				CLANG_ANALYZER_NUMBER_OBJECT_CONVERSION = YES_AGGRESSIVE;
				CLANG_CXX_LANGUAGE_STANDARD = "gnu++20";
				CLANG_ENABLE_MODULES = YES;
				CLANG_ENABLE_OBJC_ARC = YES;
				CLANG_ENABLE_OBJC_WEAK = YES;
				CLANG_WARN_BLOCK_CAPTURE_AUTORELEASING = YES;
				CLANG_WARN_BOOL_CONVERSION = YES;
				CLANG_WARN_COMMA = YES;
				CLANG_WARN_CONSTANT_CONVERSION = YES;
				CLANG_WARN_DEPRECATED_OBJC_IMPLEMENTATIONS = YES;
				CLANG_WARN_DIRECT_OBJC_ISA_USAGE = YES_ERROR;
				CLANG_WARN_DOCUMENTATION_COMMENTS = YES;
				CLANG_WARN_EMPTY_BODY = YES;
				CLANG_WARN_ENUM_CONVERSION = YES;
				CLANG_WARN_INFINITE_RECURSION = YES;
				CLANG_WARN_INT_CONVERSION = YES;
				CLANG_WARN_NON_LITERAL_NULL_CONVERSION = YES;
				CLANG_WARN_OBJC_IMPLICIT_RETAIN_SELF = YES;
				CLANG_WARN_OBJC_LITERAL_CONVERSION = YES;
				CLANG_WARN_OBJC_ROOT_CLASS = YES_ERROR;
				CLANG_WARN_QUOTED_INCLUDE_IN_FRAMEWORK_HEADER = YES;
				CLANG_WARN_RANGE_LOOP_ANALYSIS = YES;
				CLANG_WARN_STRICT_PROTOTYPES = YES;
				CLANG_WARN_SUSPICIOUS_MOVE = YES;
				CLANG_WARN_UNGUARDED_AVAILABILITY = YES_AGGRESSIVE;
				CLANG_WARN_UNREACHABLE_CODE = YES;
				CLANG_WARN__DUPLICATE_METHOD_MATCH = YES;
				COPY_PHASE_STRIP = NO;
				DEBUG_INFORMATION_FORMAT = "dwarf-with-dsym";
				ENABLE_NS_ASSERTIONS = NO;
				ENABLE_STRICT_OBJC_MSGSEND = YES;
				GCC_C_LANGUAGE_STANDARD = gnu11;
				GCC_NO_COMMON_BLOCKS = YES;
				GCC_WARN_64_TO_32_BIT_CONVERSION = YES;
				GCC_WARN_ABOUT_RETURN_TYPE = YES_ERROR;
				GCC_WARN_UNDECLARED_SELECTOR = YES;
				GCC_WARN_UNINITIALIZED_AUTOS = YES_AGGRESSIVE;
				GCC_WARN_UNUSED_FUNCTION = YES;
				GCC_WARN_UNUSED_VARIABLE = YES;
				IPHONEOS_DEPLOYMENT_TARGET = 16.0;
				MTL_ENABLE_DEBUG_INFO = NO;
				MTL_FAST_MATH = YES;
				SDKROOT = iphoneos;
				SWIFT_COMPILATION_MODE = wholemodule;
				SWIFT_OPTIMIZATION_LEVEL = "-O";
				VALIDATE_PRODUCT = YES;
			};
			name = Release;
		};
		6E58129A29F4612600FCF7BA /* Debug */ = {
			isa = XCBuildConfiguration;
			baseConfigurationReference = 683485FA4990FE4ABCE17529 /* Pods-TestingAwsUpload.debug.xcconfig */;
			buildSettings = {
				ASSETCATALOG_COMPILER_APPICON_NAME = AppIcon;
				ASSETCATALOG_COMPILER_GLOBAL_ACCENT_COLOR_NAME = AccentColor;
				CODE_SIGN_STYLE = Automatic;
				CURRENT_PROJECT_VERSION = 1;
				DEVELOPMENT_ASSET_PATHS = "\"TestingAwsUpload/Preview Content\"";
				ENABLE_PREVIEWS = YES;
				GENERATE_INFOPLIST_FILE = YES;
				INFOPLIST_FILE = TestingAwsUpload/Info.plist;
				INFOPLIST_KEY_CFBundleDisplayName = "";
				INFOPLIST_KEY_LSApplicationCategoryType = "public.app-category.photography";
				INFOPLIST_KEY_UIApplicationSceneManifest_Generation = YES;
				INFOPLIST_KEY_UIApplicationSupportsIndirectInputEvents = YES;
				INFOPLIST_KEY_UILaunchScreen_Generation = YES;
				INFOPLIST_KEY_UIRequiresFullScreen = YES;
				INFOPLIST_KEY_UISupportedInterfaceOrientations = "UIInterfaceOrientationPortrait UIInterfaceOrientationPortraitUpsideDown";
				IPHONEOS_DEPLOYMENT_TARGET = 15.0;
				LD_RUNPATH_SEARCH_PATHS = (
					"$(inherited)",
					"@executable_path/Frameworks",
				);
				MARKETING_VERSION = 1.0;
				PRODUCT_BUNDLE_IDENTIFIER = abinaya.FinalColorAnalyzer;
				PRODUCT_NAME = "$(TARGET_NAME)";
				SWIFT_EMIT_LOC_STRINGS = YES;
				SWIFT_VERSION = 5.0;
				TARGETED_DEVICE_FAMILY = "1,2";
			};
			name = Debug;
		};
		6E58129B29F4612600FCF7BA /* Release */ = {
			isa = XCBuildConfiguration;
			baseConfigurationReference = 04DC5C3F0B14D8926BB2C6EF /* Pods-TestingAwsUpload.release.xcconfig */;
			buildSettings = {
				ASSETCATALOG_COMPILER_APPICON_NAME = AppIcon;
				ASSETCATALOG_COMPILER_GLOBAL_ACCENT_COLOR_NAME = AccentColor;
				CODE_SIGN_STYLE = Automatic;
				CURRENT_PROJECT_VERSION = 1;
				DEVELOPMENT_ASSET_PATHS = "\"TestingAwsUpload/Preview Content\"";
				DEVELOPMENT_TEAM = 475Z53FPPS;
				ENABLE_PREVIEWS = YES;
				GENERATE_INFOPLIST_FILE = YES;
				INFOPLIST_FILE = TestingAwsUpload/Info.plist;
				INFOPLIST_KEY_CFBundleDisplayName = "";
				INFOPLIST_KEY_LSApplicationCategoryType = "public.app-category.photography";
				INFOPLIST_KEY_UIApplicationSceneManifest_Generation = YES;
				INFOPLIST_KEY_UIApplicationSupportsIndirectInputEvents = YES;
				INFOPLIST_KEY_UILaunchScreen_Generation = YES;
				INFOPLIST_KEY_UIRequiresFullScreen = YES;
				INFOPLIST_KEY_UISupportedInterfaceOrientations = "UIInterfaceOrientationPortrait UIInterfaceOrientationPortraitUpsideDown";
				IPHONEOS_DEPLOYMENT_TARGET = 15.0;
				LD_RUNPATH_SEARCH_PATHS = (
					"$(inherited)",
					"@executable_path/Frameworks",
				);
				MARKETING_VERSION = 1.0;
				PRODUCT_BUNDLE_IDENTIFIER = com.projects.abinaya.FinalColorAnalyzer;
				PRODUCT_NAME = "$(TARGET_NAME)";
				SWIFT_EMIT_LOC_STRINGS = YES;
				SWIFT_VERSION = 5.0;
				TARGETED_DEVICE_FAMILY = "1,2";
			};
			name = Release;
		};
		6E58129D29F4612600FCF7BA /* Debug */ = {
			isa = XCBuildConfiguration;
			buildSettings = {
				ALWAYS_EMBED_SWIFT_STANDARD_LIBRARIES = YES;
				BUNDLE_LOADER = "$(TEST_HOST)";
				CODE_SIGN_STYLE = Automatic;
				CURRENT_PROJECT_VERSION = 1;
				GENERATE_INFOPLIST_FILE = YES;
				IPHONEOS_DEPLOYMENT_TARGET = 16.0;
				MARKETING_VERSION = 1.0;
				PRODUCT_BUNDLE_IDENTIFIER = abinaya.TestingAwsUploadTests;
				PRODUCT_NAME = "$(TARGET_NAME)";
				SWIFT_EMIT_LOC_STRINGS = NO;
				SWIFT_VERSION = 5.0;
				TARGETED_DEVICE_FAMILY = "1,2";
				TEST_HOST = "$(BUILT_PRODUCTS_DIR)/TestingAwsUpload.app/$(BUNDLE_EXECUTABLE_FOLDER_PATH)/TestingAwsUpload";
			};
			name = Debug;
		};
		6E58129E29F4612600FCF7BA /* Release */ = {
			isa = XCBuildConfiguration;
			buildSettings = {
				ALWAYS_EMBED_SWIFT_STANDARD_LIBRARIES = YES;
				BUNDLE_LOADER = "$(TEST_HOST)";
				CODE_SIGN_STYLE = Automatic;
				CURRENT_PROJECT_VERSION = 1;
				GENERATE_INFOPLIST_FILE = YES;
				IPHONEOS_DEPLOYMENT_TARGET = 16.0;
				MARKETING_VERSION = 1.0;
				PRODUCT_BUNDLE_IDENTIFIER = abinaya.TestingAwsUploadTests;
				PRODUCT_NAME = "$(TARGET_NAME)";
				SWIFT_EMIT_LOC_STRINGS = NO;
				SWIFT_VERSION = 5.0;
				TARGETED_DEVICE_FAMILY = "1,2";
				TEST_HOST = "$(BUILT_PRODUCTS_DIR)/TestingAwsUpload.app/$(BUNDLE_EXECUTABLE_FOLDER_PATH)/TestingAwsUpload";
			};
			name = Release;
		};
		6E5812A029F4612600FCF7BA /* Debug */ = {
			isa = XCBuildConfiguration;
			buildSettings = {
				ALWAYS_EMBED_SWIFT_STANDARD_LIBRARIES = YES;
				CODE_SIGN_STYLE = Automatic;
				CURRENT_PROJECT_VERSION = 1;
				GENERATE_INFOPLIST_FILE = YES;
				MARKETING_VERSION = 1.0;
				PRODUCT_BUNDLE_IDENTIFIER = abinaya.TestingAwsUploadUITests;
				PRODUCT_NAME = "$(TARGET_NAME)";
				SWIFT_EMIT_LOC_STRINGS = NO;
				SWIFT_VERSION = 5.0;
				TARGETED_DEVICE_FAMILY = "1,2";
				TEST_TARGET_NAME = TestingAwsUpload;
			};
			name = Debug;
		};
		6E5812A129F4612600FCF7BA /* Release */ = {
			isa = XCBuildConfiguration;
			buildSettings = {
				ALWAYS_EMBED_SWIFT_STANDARD_LIBRARIES = YES;
				CODE_SIGN_STYLE = Automatic;
				CURRENT_PROJECT_VERSION = 1;
				GENERATE_INFOPLIST_FILE = YES;
				MARKETING_VERSION = 1.0;
				PRODUCT_BUNDLE_IDENTIFIER = abinaya.TestingAwsUploadUITests;
				PRODUCT_NAME = "$(TARGET_NAME)";
				SWIFT_EMIT_LOC_STRINGS = NO;
				SWIFT_VERSION = 5.0;
				TARGETED_DEVICE_FAMILY = "1,2";
				TEST_TARGET_NAME = TestingAwsUpload;
			};
			name = Release;
		};
/* End XCBuildConfiguration section */

/* Begin XCConfigurationList section */
		6E58127029F4612300FCF7BA /* Build configuration list for PBXProject "TestingAwsUpload" */ = {
			isa = XCConfigurationList;
			buildConfigurations = (
				6E58129729F4612600FCF7BA /* Debug */,
				6E58129829F4612600FCF7BA /* Release */,
			);
			defaultConfigurationIsVisible = 0;
			defaultConfigurationName = Release;
		};
		6E58129929F4612600FCF7BA /* Build configuration list for PBXNativeTarget "TestingAwsUpload" */ = {
			isa = XCConfigurationList;
			buildConfigurations = (
				6E58129A29F4612600FCF7BA /* Debug */,
				6E58129B29F4612600FCF7BA /* Release */,
			);
			defaultConfigurationIsVisible = 0;
			defaultConfigurationName = Release;
		};
		6E58129C29F4612600FCF7BA /* Build configuration list for PBXNativeTarget "TestingAwsUploadTests" */ = {
			isa = XCConfigurationList;
			buildConfigurations = (
				6E58129D29F4612600FCF7BA /* Debug */,
				6E58129E29F4612600FCF7BA /* Release */,
			);
			defaultConfigurationIsVisible = 0;
			defaultConfigurationName = Release;
		};
		6E58129F29F4612600FCF7BA /* Build configuration list for PBXNativeTarget "TestingAwsUploadUITests" */ = {
			isa = XCConfigurationList;
			buildConfigurations = (
				6E5812A029F4612600FCF7BA /* Debug */,
				6E5812A129F4612600FCF7BA /* Release */,
			);
			defaultConfigurationIsVisible = 0;
			defaultConfigurationName = Release;
		};
/* End XCConfigurationList section */

/* Begin XCRemoteSwiftPackageReference section */
		6E3E316A2A2E5CD00012A8B9 /* XCRemoteSwiftPackageReference "amplify-swift" */ = {
			isa = XCRemoteSwiftPackageReference;
			repositoryURL = "https://github.com/aws-amplify/amplify-swift";
			requirement = {
				kind = upToNextMajorVersion;
				minimumVersion = 2.0.0;
			};
		};
/* End XCRemoteSwiftPackageReference section */

/* Begin XCSwiftPackageProductDependency section */
		6EECFCFC2A6CD61800104826 /* AWSCognitoAuthPlugin */ = {
			isa = XCSwiftPackageProductDependency;
			package = 6E3E316A2A2E5CD00012A8B9 /* XCRemoteSwiftPackageReference "amplify-swift" */;
			productName = AWSCognitoAuthPlugin;
		};
		6EECFCFE2A6CD61D00104826 /* Amplify */ = {
			isa = XCSwiftPackageProductDependency;
			package = 6E3E316A2A2E5CD00012A8B9 /* XCRemoteSwiftPackageReference "amplify-swift" */;
			productName = Amplify;
		};
/* End XCSwiftPackageProductDependency section */
	};
	rootObject = 6E58126D29F4612300FCF7BA /* Project object */;
}
