// !$*UTF8*$!
{
	archiveVersion = 1;
	classes = {
	};
	objectVersion = 56;
	objects = {

/* Begin PBXBuildFile section */
		6EF41D782A1D5800000A15D3 /* UpdateGridViaViewApp.swift in Sources */ = {isa = PBXBuildFile; fileRef = 6EF41D772A1D5800000A15D3 /* UpdateGridViaViewApp.swift */; };
		6EF41D7A2A1D5800000A15D3 /* ContentView.swift in Sources */ = {isa = PBXBuildFile; fileRef = 6EF41D792A1D5800000A15D3 /* ContentView.swift */; };
		6EF41D7C2A1D5805000A15D3 /* Assets.xcassets in Resources */ = {isa = PBXBuildFile; fileRef = 6EF41D7B2A1D5805000A15D3 /* Assets.xcassets */; };
		6EF41D7F2A1D5805000A15D3 /* Preview Assets.xcassets in Resources */ = {isa = PBXBuildFile; fileRef = 6EF41D7E2A1D5805000A15D3 /* Preview Assets.xcassets */; };
		6EF41D892A1D5805000A15D3 /* UpdateGridViaViewTests.swift in Sources */ = {isa = PBXBuildFile; fileRef = 6EF41D882A1D5805000A15D3 /* UpdateGridViaViewTests.swift */; };
		6EF41D932A1D5805000A15D3 /* UpdateGridViaViewUITests.swift in Sources */ = {isa = PBXBuildFile; fileRef = 6EF41D922A1D5805000A15D3 /* UpdateGridViaViewUITests.swift */; };
		6EF41D952A1D5805000A15D3 /* UpdateGridViaViewUITestsLaunchTests.swift in Sources */ = {isa = PBXBuildFile; fileRef = 6EF41D942A1D5805000A15D3 /* UpdateGridViaViewUITestsLaunchTests.swift */; };
/* End PBXBuildFile section */

/* Begin PBXContainerItemProxy section */
		6EF41D852A1D5805000A15D3 /* PBXContainerItemProxy */ = {
			isa = PBXContainerItemProxy;
			containerPortal = 6EF41D6C2A1D5800000A15D3 /* Project object */;
			proxyType = 1;
			remoteGlobalIDString = 6EF41D732A1D5800000A15D3;
			remoteInfo = UpdateGridViaView;
		};
		6EF41D8F2A1D5805000A15D3 /* PBXContainerItemProxy */ = {
			isa = PBXContainerItemProxy;
			containerPortal = 6EF41D6C2A1D5800000A15D3 /* Project object */;
			proxyType = 1;
			remoteGlobalIDString = 6EF41D732A1D5800000A15D3;
			remoteInfo = UpdateGridViaView;
		};
/* End PBXContainerItemProxy section */

/* Begin PBXFileReference section */
		6EF41D742A1D5800000A15D3 /* UpdateGridViaView.app */ = {isa = PBXFileReference; explicitFileType = wrapper.application; includeInIndex = 0; path = UpdateGridViaView.app; sourceTree = BUILT_PRODUCTS_DIR; };
		6EF41D772A1D5800000A15D3 /* UpdateGridViaViewApp.swift */ = {isa = PBXFileReference; lastKnownFileType = sourcecode.swift; path = UpdateGridViaViewApp.swift; sourceTree = "<group>"; };
		6EF41D792A1D5800000A15D3 /* ContentView.swift */ = {isa = PBXFileReference; lastKnownFileType = sourcecode.swift; path = ContentView.swift; sourceTree = "<group>"; };
		6EF41D7B2A1D5805000A15D3 /* Assets.xcassets */ = {isa = PBXFileReference; lastKnownFileType = folder.assetcatalog; path = Assets.xcassets; sourceTree = "<group>"; };
		6EF41D7E2A1D5805000A15D3 /* Preview Assets.xcassets */ = {isa = PBXFileReference; lastKnownFileType = folder.assetcatalog; path = "Preview Assets.xcassets"; sourceTree = "<group>"; };
		6EF41D842A1D5805000A15D3 /* UpdateGridViaViewTests.xctest */ = {isa = PBXFileReference; explicitFileType = wrapper.cfbundle; includeInIndex = 0; path = UpdateGridViaViewTests.xctest; sourceTree = BUILT_PRODUCTS_DIR; };
		6EF41D882A1D5805000A15D3 /* UpdateGridViaViewTests.swift */ = {isa = PBXFileReference; lastKnownFileType = sourcecode.swift; path = UpdateGridViaViewTests.swift; sourceTree = "<group>"; };
		6EF41D8E2A1D5805000A15D3 /* UpdateGridViaViewUITests.xctest */ = {isa = PBXFileReference; explicitFileType = wrapper.cfbundle; includeInIndex = 0; path = UpdateGridViaViewUITests.xctest; sourceTree = BUILT_PRODUCTS_DIR; };
		6EF41D922A1D5805000A15D3 /* UpdateGridViaViewUITests.swift */ = {isa = PBXFileReference; lastKnownFileType = sourcecode.swift; path = UpdateGridViaViewUITests.swift; sourceTree = "<group>"; };
		6EF41D942A1D5805000A15D3 /* UpdateGridViaViewUITestsLaunchTests.swift */ = {isa = PBXFileReference; lastKnownFileType = sourcecode.swift; path = UpdateGridViaViewUITestsLaunchTests.swift; sourceTree = "<group>"; };
/* End PBXFileReference section */

/* Begin PBXFrameworksBuildPhase section */
		6EF41D712A1D5800000A15D3 /* Frameworks */ = {
			isa = PBXFrameworksBuildPhase;
			buildActionMask = 2147483647;
			files = (
			);
			runOnlyForDeploymentPostprocessing = 0;
		};
		6EF41D812A1D5805000A15D3 /* Frameworks */ = {
			isa = PBXFrameworksBuildPhase;
			buildActionMask = 2147483647;
			files = (
			);
			runOnlyForDeploymentPostprocessing = 0;
		};
		6EF41D8B2A1D5805000A15D3 /* Frameworks */ = {
			isa = PBXFrameworksBuildPhase;
			buildActionMask = 2147483647;
			files = (
			);
			runOnlyForDeploymentPostprocessing = 0;
		};
/* End PBXFrameworksBuildPhase section */

/* Begin PBXGroup section */
		6EF41D6B2A1D5800000A15D3 = {
			isa = PBXGroup;
			children = (
				6EF41D762A1D5800000A15D3 /* UpdateGridViaView */,
				6EF41D872A1D5805000A15D3 /* UpdateGridViaViewTests */,
				6EF41D912A1D5805000A15D3 /* UpdateGridViaViewUITests */,
				6EF41D752A1D5800000A15D3 /* Products */,
			);
			sourceTree = "<group>";
		};
		6EF41D752A1D5800000A15D3 /* Products */ = {
			isa = PBXGroup;
			children = (
				6EF41D742A1D5800000A15D3 /* UpdateGridViaView.app */,
				6EF41D842A1D5805000A15D3 /* UpdateGridViaViewTests.xctest */,
				6EF41D8E2A1D5805000A15D3 /* UpdateGridViaViewUITests.xctest */,
			);
			name = Products;
			sourceTree = "<group>";
		};
		6EF41D762A1D5800000A15D3 /* UpdateGridViaView */ = {
			isa = PBXGroup;
			children = (
				6EF41D772A1D5800000A15D3 /* UpdateGridViaViewApp.swift */,
				6EF41D792A1D5800000A15D3 /* ContentView.swift */,
				6EF41D7B2A1D5805000A15D3 /* Assets.xcassets */,
				6EF41D7D2A1D5805000A15D3 /* Preview Content */,
			);
			path = UpdateGridViaView;
			sourceTree = "<group>";
		};
		6EF41D7D2A1D5805000A15D3 /* Preview Content */ = {
			isa = PBXGroup;
			children = (
				6EF41D7E2A1D5805000A15D3 /* Preview Assets.xcassets */,
			);
			path = "Preview Content";
			sourceTree = "<group>";
		};
		6EF41D872A1D5805000A15D3 /* UpdateGridViaViewTests */ = {
			isa = PBXGroup;
			children = (
				6EF41D882A1D5805000A15D3 /* UpdateGridViaViewTests.swift */,
			);
			path = UpdateGridViaViewTests;
			sourceTree = "<group>";
		};
		6EF41D912A1D5805000A15D3 /* UpdateGridViaViewUITests */ = {
			isa = PBXGroup;
			children = (
				6EF41D922A1D5805000A15D3 /* UpdateGridViaViewUITests.swift */,
				6EF41D942A1D5805000A15D3 /* UpdateGridViaViewUITestsLaunchTests.swift */,
			);
			path = UpdateGridViaViewUITests;
			sourceTree = "<group>";
		};
/* End PBXGroup section */

/* Begin PBXNativeTarget section */
		6EF41D732A1D5800000A15D3 /* UpdateGridViaView */ = {
			isa = PBXNativeTarget;
			buildConfigurationList = 6EF41D982A1D5805000A15D3 /* Build configuration list for PBXNativeTarget "UpdateGridViaView" */;
			buildPhases = (
				6EF41D702A1D5800000A15D3 /* Sources */,
				6EF41D712A1D5800000A15D3 /* Frameworks */,
				6EF41D722A1D5800000A15D3 /* Resources */,
			);
			buildRules = (
			);
			dependencies = (
			);
			name = UpdateGridViaView;
			productName = UpdateGridViaView;
			productReference = 6EF41D742A1D5800000A15D3 /* UpdateGridViaView.app */;
			productType = "com.apple.product-type.application";
		};
		6EF41D832A1D5805000A15D3 /* UpdateGridViaViewTests */ = {
			isa = PBXNativeTarget;
			buildConfigurationList = 6EF41D9B2A1D5805000A15D3 /* Build configuration list for PBXNativeTarget "UpdateGridViaViewTests" */;
			buildPhases = (
				6EF41D802A1D5805000A15D3 /* Sources */,
				6EF41D812A1D5805000A15D3 /* Frameworks */,
				6EF41D822A1D5805000A15D3 /* Resources */,
			);
			buildRules = (
			);
			dependencies = (
				6EF41D862A1D5805000A15D3 /* PBXTargetDependency */,
			);
			name = UpdateGridViaViewTests;
			productName = UpdateGridViaViewTests;
			productReference = 6EF41D842A1D5805000A15D3 /* UpdateGridViaViewTests.xctest */;
			productType = "com.apple.product-type.bundle.unit-test";
		};
		6EF41D8D2A1D5805000A15D3 /* UpdateGridViaViewUITests */ = {
			isa = PBXNativeTarget;
			buildConfigurationList = 6EF41D9E2A1D5805000A15D3 /* Build configuration list for PBXNativeTarget "UpdateGridViaViewUITests" */;
			buildPhases = (
				6EF41D8A2A1D5805000A15D3 /* Sources */,
				6EF41D8B2A1D5805000A15D3 /* Frameworks */,
				6EF41D8C2A1D5805000A15D3 /* Resources */,
			);
			buildRules = (
			);
			dependencies = (
				6EF41D902A1D5805000A15D3 /* PBXTargetDependency */,
			);
			name = UpdateGridViaViewUITests;
			productName = UpdateGridViaViewUITests;
			productReference = 6EF41D8E2A1D5805000A15D3 /* UpdateGridViaViewUITests.xctest */;
			productType = "com.apple.product-type.bundle.ui-testing";
		};
/* End PBXNativeTarget section */

/* Begin PBXProject section */
		6EF41D6C2A1D5800000A15D3 /* Project object */ = {
			isa = PBXProject;
			attributes = {
				BuildIndependentTargetsInParallel = 1;
				LastSwiftUpdateCheck = 1400;
				LastUpgradeCheck = 1400;
				TargetAttributes = {
					6EF41D732A1D5800000A15D3 = {
						CreatedOnToolsVersion = 14.0;
					};
					6EF41D832A1D5805000A15D3 = {
						CreatedOnToolsVersion = 14.0;
						TestTargetID = 6EF41D732A1D5800000A15D3;
					};
					6EF41D8D2A1D5805000A15D3 = {
						CreatedOnToolsVersion = 14.0;
						TestTargetID = 6EF41D732A1D5800000A15D3;
					};
				};
			};
			buildConfigurationList = 6EF41D6F2A1D5800000A15D3 /* Build configuration list for PBXProject "UpdateGridViaView" */;
			compatibilityVersion = "Xcode 14.0";
			developmentRegion = en;
			hasScannedForEncodings = 0;
			knownRegions = (
				en,
				Base,
			);
			mainGroup = 6EF41D6B2A1D5800000A15D3;
			productRefGroup = 6EF41D752A1D5800000A15D3 /* Products */;
			projectDirPath = "";
			projectRoot = "";
			targets = (
				6EF41D732A1D5800000A15D3 /* UpdateGridViaView */,
				6EF41D832A1D5805000A15D3 /* UpdateGridViaViewTests */,
				6EF41D8D2A1D5805000A15D3 /* UpdateGridViaViewUITests */,
			);
		};
/* End PBXProject section */

/* Begin PBXResourcesBuildPhase section */
		6EF41D722A1D5800000A15D3 /* Resources */ = {
			isa = PBXResourcesBuildPhase;
			buildActionMask = 2147483647;
			files = (
				6EF41D7F2A1D5805000A15D3 /* Preview Assets.xcassets in Resources */,
				6EF41D7C2A1D5805000A15D3 /* Assets.xcassets in Resources */,
			);
			runOnlyForDeploymentPostprocessing = 0;
		};
		6EF41D822A1D5805000A15D3 /* Resources */ = {
			isa = PBXResourcesBuildPhase;
			buildActionMask = 2147483647;
			files = (
			);
			runOnlyForDeploymentPostprocessing = 0;
		};
		6EF41D8C2A1D5805000A15D3 /* Resources */ = {
			isa = PBXResourcesBuildPhase;
			buildActionMask = 2147483647;
			files = (
			);
			runOnlyForDeploymentPostprocessing = 0;
		};
/* End PBXResourcesBuildPhase section */

/* Begin PBXSourcesBuildPhase section */
		6EF41D702A1D5800000A15D3 /* Sources */ = {
			isa = PBXSourcesBuildPhase;
			buildActionMask = 2147483647;
			files = (
				6EF41D7A2A1D5800000A15D3 /* ContentView.swift in Sources */,
				6EF41D782A1D5800000A15D3 /* UpdateGridViaViewApp.swift in Sources */,
			);
			runOnlyForDeploymentPostprocessing = 0;
		};
		6EF41D802A1D5805000A15D3 /* Sources */ = {
			isa = PBXSourcesBuildPhase;
			buildActionMask = 2147483647;
			files = (
				6EF41D892A1D5805000A15D3 /* UpdateGridViaViewTests.swift in Sources */,
			);
			runOnlyForDeploymentPostprocessing = 0;
		};
		6EF41D8A2A1D5805000A15D3 /* Sources */ = {
			isa = PBXSourcesBuildPhase;
			buildActionMask = 2147483647;
			files = (
				6EF41D932A1D5805000A15D3 /* UpdateGridViaViewUITests.swift in Sources */,
				6EF41D952A1D5805000A15D3 /* UpdateGridViaViewUITestsLaunchTests.swift in Sources */,
			);
			runOnlyForDeploymentPostprocessing = 0;
		};
/* End PBXSourcesBuildPhase section */

/* Begin PBXTargetDependency section */
		6EF41D862A1D5805000A15D3 /* PBXTargetDependency */ = {
			isa = PBXTargetDependency;
			target = 6EF41D732A1D5800000A15D3 /* UpdateGridViaView */;
			targetProxy = 6EF41D852A1D5805000A15D3 /* PBXContainerItemProxy */;
		};
		6EF41D902A1D5805000A15D3 /* PBXTargetDependency */ = {
			isa = PBXTargetDependency;
			target = 6EF41D732A1D5800000A15D3 /* UpdateGridViaView */;
			targetProxy = 6EF41D8F2A1D5805000A15D3 /* PBXContainerItemProxy */;
		};
/* End PBXTargetDependency section */

/* Begin XCBuildConfiguration section */
		6EF41D962A1D5805000A15D3 /* Debug */ = {
			isa = XCBuildConfiguration;
			buildSettings = {
				ALWAYS_SEARCH_USER_PATHS = NO;
				CLANG_ANALYZER_NONNULL = YES;
				CLANG_ANALYZER_NUMBER_OBJECT_CONVERSION = YES_AGGRESSIVE;
				CLANG_CXX_LANGUAGE_STANDARD = "gnu++20";
				CLANG_ENABLE_MODULES = YES;
				CLANG_ENABLE_OBJC_ARC = YES;
				CLANG_ENABLE_OBJC_WEAK = YES;
				CLANG_WARN_BLOCK_CAPTURE_AUTORELEASING = YES;
				CLANG_WARN_BOOL_CONVERSION = YES;
				CLANG_WARN_COMMA = YES;
				CLANG_WARN_CONSTANT_CONVERSION = YES;
				CLANG_WARN_DEPRECATED_OBJC_IMPLEMENTATIONS = YES;
				CLANG_WARN_DIRECT_OBJC_ISA_USAGE = YES_ERROR;
				CLANG_WARN_DOCUMENTATION_COMMENTS = YES;
				CLANG_WARN_EMPTY_BODY = YES;
				CLANG_WARN_ENUM_CONVERSION = YES;
				CLANG_WARN_INFINITE_RECURSION = YES;
				CLANG_WARN_INT_CONVERSION = YES;
				CLANG_WARN_NON_LITERAL_NULL_CONVERSION = YES;
				CLANG_WARN_OBJC_IMPLICIT_RETAIN_SELF = YES;
				CLANG_WARN_OBJC_LITERAL_CONVERSION = YES;
				CLANG_WARN_OBJC_ROOT_CLASS = YES_ERROR;
				CLANG_WARN_QUOTED_INCLUDE_IN_FRAMEWORK_HEADER = YES;
				CLANG_WARN_RANGE_LOOP_ANALYSIS = YES;
				CLANG_WARN_STRICT_PROTOTYPES = YES;
				CLANG_WARN_SUSPICIOUS_MOVE = YES;
				CLANG_WARN_UNGUARDED_AVAILABILITY = YES_AGGRESSIVE;
				CLANG_WARN_UNREACHABLE_CODE = YES;
				CLANG_WARN__DUPLICATE_METHOD_MATCH = YES;
				COPY_PHASE_STRIP = NO;
				DEBUG_INFORMATION_FORMAT = dwarf;
				ENABLE_STRICT_OBJC_MSGSEND = YES;
				ENABLE_TESTABILITY = YES;
				GCC_C_LANGUAGE_STANDARD = gnu11;
				GCC_DYNAMIC_NO_PIC = NO;
				GCC_NO_COMMON_BLOCKS = YES;
				GCC_OPTIMIZATION_LEVEL = 0;
				GCC_PREPROCESSOR_DEFINITIONS = (
					"DEBUG=1",
					"$(inherited)",
				);
				GCC_WARN_64_TO_32_BIT_CONVERSION = YES;
				GCC_WARN_ABOUT_RETURN_TYPE = YES_ERROR;
				GCC_WARN_UNDECLARED_SELECTOR = YES;
				GCC_WARN_UNINITIALIZED_AUTOS = YES_AGGRESSIVE;
				GCC_WARN_UNUSED_FUNCTION = YES;
				GCC_WARN_UNUSED_VARIABLE = YES;
				IPHONEOS_DEPLOYMENT_TARGET = 16.0;
				MTL_ENABLE_DEBUG_INFO = INCLUDE_SOURCE;
				MTL_FAST_MATH = YES;
				ONLY_ACTIVE_ARCH = YES;
				SDKROOT = iphoneos;
				SWIFT_ACTIVE_COMPILATION_CONDITIONS = DEBUG;
				SWIFT_OPTIMIZATION_LEVEL = "-Onone";
			};
			name = Debug;
		};
		6EF41D972A1D5805000A15D3 /* Release */ = {
			isa = XCBuildConfiguration;
			buildSettings = {
				ALWAYS_SEARCH_USER_PATHS = NO;
				CLANG_ANALYZER_NONNULL = YES;
				CLANG_ANALYZER_NUMBER_OBJECT_CONVERSION = YES_AGGRESSIVE;
				CLANG_CXX_LANGUAGE_STANDARD = "gnu++20";
				CLANG_ENABLE_MODULES = YES;
				CLANG_ENABLE_OBJC_ARC = YES;
				CLANG_ENABLE_OBJC_WEAK = YES;
				CLANG_WARN_BLOCK_CAPTURE_AUTORELEASING = YES;
				CLANG_WARN_BOOL_CONVERSION = YES;
				CLANG_WARN_COMMA = YES;
				CLANG_WARN_CONSTANT_CONVERSION = YES;
				CLANG_WARN_DEPRECATED_OBJC_IMPLEMENTATIONS = YES;
				CLANG_WARN_DIRECT_OBJC_ISA_USAGE = YES_ERROR;
				CLANG_WARN_DOCUMENTATION_COMMENTS = YES;
				CLANG_WARN_EMPTY_BODY = YES;
				CLANG_WARN_ENUM_CONVERSION = YES;
				CLANG_WARN_INFINITE_RECURSION = YES;
				CLANG_WARN_INT_CONVERSION = YES;
				CLANG_WARN_NON_LITERAL_NULL_CONVERSION = YES;
				CLANG_WARN_OBJC_IMPLICIT_RETAIN_SELF = YES;
				CLANG_WARN_OBJC_LITERAL_CONVERSION = YES;
				CLANG_WARN_OBJC_ROOT_CLASS = YES_ERROR;
				CLANG_WARN_QUOTED_INCLUDE_IN_FRAMEWORK_HEADER = YES;
				CLANG_WARN_RANGE_LOOP_ANALYSIS = YES;
				CLANG_WARN_STRICT_PROTOTYPES = YES;
				CLANG_WARN_SUSPICIOUS_MOVE = YES;
				CLANG_WARN_UNGUARDED_AVAILABILITY = YES_AGGRESSIVE;
				CLANG_WARN_UNREACHABLE_CODE = YES;
				CLANG_WARN__DUPLICATE_METHOD_MATCH = YES;
				COPY_PHASE_STRIP = NO;
				DEBUG_INFORMATION_FORMAT = "dwarf-with-dsym";
				ENABLE_NS_ASSERTIONS = NO;
				ENABLE_STRICT_OBJC_MSGSEND = YES;
				GCC_C_LANGUAGE_STANDARD = gnu11;
				GCC_NO_COMMON_BLOCKS = YES;
				GCC_WARN_64_TO_32_BIT_CONVERSION = YES;
				GCC_WARN_ABOUT_RETURN_TYPE = YES_ERROR;
				GCC_WARN_UNDECLARED_SELECTOR = YES;
				GCC_WARN_UNINITIALIZED_AUTOS = YES_AGGRESSIVE;
				GCC_WARN_UNUSED_FUNCTION = YES;
				GCC_WARN_UNUSED_VARIABLE = YES;
				IPHONEOS_DEPLOYMENT_TARGET = 16.0;
				MTL_ENABLE_DEBUG_INFO = NO;
				MTL_FAST_MATH = YES;
				SDKROOT = iphoneos;
				SWIFT_COMPILATION_MODE = wholemodule;
				SWIFT_OPTIMIZATION_LEVEL = "-O";
				VALIDATE_PRODUCT = YES;
			};
			name = Release;
		};
		6EF41D992A1D5805000A15D3 /* Debug */ = {
			isa = XCBuildConfiguration;
			buildSettings = {
				ASSETCATALOG_COMPILER_APPICON_NAME = AppIcon;
				ASSETCATALOG_COMPILER_GLOBAL_ACCENT_COLOR_NAME = AccentColor;
				CODE_SIGN_STYLE = Automatic;
				CURRENT_PROJECT_VERSION = 1;
				DEVELOPMENT_ASSET_PATHS = "\"UpdateGridViaView/Preview Content\"";
				ENABLE_PREVIEWS = YES;
				GENERATE_INFOPLIST_FILE = YES;
				INFOPLIST_KEY_UIApplicationSceneManifest_Generation = YES;
				INFOPLIST_KEY_UIApplicationSupportsIndirectInputEvents = YES;
				INFOPLIST_KEY_UILaunchScreen_Generation = YES;
				INFOPLIST_KEY_UISupportedInterfaceOrientations_iPad = "UIInterfaceOrientationPortrait UIInterfaceOrientationPortraitUpsideDown UIInterfaceOrientationLandscapeLeft UIInterfaceOrientationLandscapeRight";
				INFOPLIST_KEY_UISupportedInterfaceOrientations_iPhone = "UIInterfaceOrientationPortrait UIInterfaceOrientationLandscapeLeft UIInterfaceOrientationLandscapeRight";
				LD_RUNPATH_SEARCH_PATHS = (
					"$(inherited)",
					"@executable_path/Frameworks",
				);
				MARKETING_VERSION = 1.0;
				PRODUCT_BUNDLE_IDENTIFIER = abinaya.UpdateGridViaView;
				PRODUCT_NAME = "$(TARGET_NAME)";
				SWIFT_EMIT_LOC_STRINGS = YES;
				SWIFT_VERSION = 5.0;
				TARGETED_DEVICE_FAMILY = "1,2";
			};
			name = Debug;
		};
		6EF41D9A2A1D5805000A15D3 /* Release */ = {
			isa = XCBuildConfiguration;
			buildSettings = {
				ASSETCATALOG_COMPILER_APPICON_NAME = AppIcon;
				ASSETCATALOG_COMPILER_GLOBAL_ACCENT_COLOR_NAME = AccentColor;
				CODE_SIGN_STYLE = Automatic;
				CURRENT_PROJECT_VERSION = 1;
				DEVELOPMENT_ASSET_PATHS = "\"UpdateGridViaView/Preview Content\"";
				ENABLE_PREVIEWS = YES;
				GENERATE_INFOPLIST_FILE = YES;
				INFOPLIST_KEY_UIApplicationSceneManifest_Generation = YES;
				INFOPLIST_KEY_UIApplicationSupportsIndirectInputEvents = YES;
				INFOPLIST_KEY_UILaunchScreen_Generation = YES;
				INFOPLIST_KEY_UISupportedInterfaceOrientations_iPad = "UIInterfaceOrientationPortrait UIInterfaceOrientationPortraitUpsideDown UIInterfaceOrientationLandscapeLeft UIInterfaceOrientationLandscapeRight";
				INFOPLIST_KEY_UISupportedInterfaceOrientations_iPhone = "UIInterfaceOrientationPortrait UIInterfaceOrientationLandscapeLeft UIInterfaceOrientationLandscapeRight";
				LD_RUNPATH_SEARCH_PATHS = (
					"$(inherited)",
					"@executable_path/Frameworks",
				);
				MARKETING_VERSION = 1.0;
				PRODUCT_BUNDLE_IDENTIFIER = abinaya.UpdateGridViaView;
				PRODUCT_NAME = "$(TARGET_NAME)";
				SWIFT_EMIT_LOC_STRINGS = YES;
				SWIFT_VERSION = 5.0;
				TARGETED_DEVICE_FAMILY = "1,2";
			};
			name = Release;
		};
		6EF41D9C2A1D5805000A15D3 /* Debug */ = {
			isa = XCBuildConfiguration;
			buildSettings = {
				ALWAYS_EMBED_SWIFT_STANDARD_LIBRARIES = YES;
				BUNDLE_LOADER = "$(TEST_HOST)";
				CODE_SIGN_STYLE = Automatic;
				CURRENT_PROJECT_VERSION = 1;
				GENERATE_INFOPLIST_FILE = YES;
				IPHONEOS_DEPLOYMENT_TARGET = 16.0;
				MARKETING_VERSION = 1.0;
				PRODUCT_BUNDLE_IDENTIFIER = abinaya.UpdateGridViaViewTests;
				PRODUCT_NAME = "$(TARGET_NAME)";
				SWIFT_EMIT_LOC_STRINGS = NO;
				SWIFT_VERSION = 5.0;
				TARGETED_DEVICE_FAMILY = "1,2";
				TEST_HOST = "$(BUILT_PRODUCTS_DIR)/UpdateGridViaView.app/$(BUNDLE_EXECUTABLE_FOLDER_PATH)/UpdateGridViaView";
			};
			name = Debug;
		};
		6EF41D9D2A1D5805000A15D3 /* Release */ = {
			isa = XCBuildConfiguration;
			buildSettings = {
				ALWAYS_EMBED_SWIFT_STANDARD_LIBRARIES = YES;
				BUNDLE_LOADER = "$(TEST_HOST)";
				CODE_SIGN_STYLE = Automatic;
				CURRENT_PROJECT_VERSION = 1;
				GENERATE_INFOPLIST_FILE = YES;
				IPHONEOS_DEPLOYMENT_TARGET = 16.0;
				MARKETING_VERSION = 1.0;
				PRODUCT_BUNDLE_IDENTIFIER = abinaya.UpdateGridViaViewTests;
				PRODUCT_NAME = "$(TARGET_NAME)";
				SWIFT_EMIT_LOC_STRINGS = NO;
				SWIFT_VERSION = 5.0;
				TARGETED_DEVICE_FAMILY = "1,2";
				TEST_HOST = "$(BUILT_PRODUCTS_DIR)/UpdateGridViaView.app/$(BUNDLE_EXECUTABLE_FOLDER_PATH)/UpdateGridViaView";
			};
			name = Release;
		};
		6EF41D9F2A1D5805000A15D3 /* Debug */ = {
			isa = XCBuildConfiguration;
			buildSettings = {
				ALWAYS_EMBED_SWIFT_STANDARD_LIBRARIES = YES;
				CODE_SIGN_STYLE = Automatic;
				CURRENT_PROJECT_VERSION = 1;
				GENERATE_INFOPLIST_FILE = YES;
				MARKETING_VERSION = 1.0;
				PRODUCT_BUNDLE_IDENTIFIER = abinaya.UpdateGridViaViewUITests;
				PRODUCT_NAME = "$(TARGET_NAME)";
				SWIFT_EMIT_LOC_STRINGS = NO;
				SWIFT_VERSION = 5.0;
				TARGETED_DEVICE_FAMILY = "1,2";
				TEST_TARGET_NAME = UpdateGridViaView;
			};
			name = Debug;
		};
		6EF41DA02A1D5805000A15D3 /* Release */ = {
			isa = XCBuildConfiguration;
			buildSettings = {
				ALWAYS_EMBED_SWIFT_STANDARD_LIBRARIES = YES;
				CODE_SIGN_STYLE = Automatic;
				CURRENT_PROJECT_VERSION = 1;
				GENERATE_INFOPLIST_FILE = YES;
				MARKETING_VERSION = 1.0;
				PRODUCT_BUNDLE_IDENTIFIER = abinaya.UpdateGridViaViewUITests;
				PRODUCT_NAME = "$(TARGET_NAME)";
				SWIFT_EMIT_LOC_STRINGS = NO;
				SWIFT_VERSION = 5.0;
				TARGETED_DEVICE_FAMILY = "1,2";
				TEST_TARGET_NAME = UpdateGridViaView;
			};
			name = Release;
		};
/* End XCBuildConfiguration section */

/* Begin XCConfigurationList section */
		6EF41D6F2A1D5800000A15D3 /* Build configuration list for PBXProject "UpdateGridViaView" */ = {
			isa = XCConfigurationList;
			buildConfigurations = (
				6EF41D962A1D5805000A15D3 /* Debug */,
				6EF41D972A1D5805000A15D3 /* Release */,
			);
			defaultConfigurationIsVisible = 0;
			defaultConfigurationName = Release;
		};
		6EF41D982A1D5805000A15D3 /* Build configuration list for PBXNativeTarget "UpdateGridViaView" */ = {
			isa = XCConfigurationList;
			buildConfigurations = (
				6EF41D992A1D5805000A15D3 /* Debug */,
				6EF41D9A2A1D5805000A15D3 /* Release */,
			);
			defaultConfigurationIsVisible = 0;
			defaultConfigurationName = Release;
		};
		6EF41D9B2A1D5805000A15D3 /* Build configuration list for PBXNativeTarget "UpdateGridViaViewTests" */ = {
			isa = XCConfigurationList;
			buildConfigurations = (
				6EF41D9C2A1D5805000A15D3 /* Debug */,
				6EF41D9D2A1D5805000A15D3 /* Release */,
			);
			defaultConfigurationIsVisible = 0;
			defaultConfigurationName = Release;
		};
		6EF41D9E2A1D5805000A15D3 /* Build configuration list for PBXNativeTarget "UpdateGridViaViewUITests" */ = {
			isa = XCConfigurationList;
			buildConfigurations = (
				6EF41D9F2A1D5805000A15D3 /* Debug */,
				6EF41DA02A1D5805000A15D3 /* Release */,
			);
			defaultConfigurationIsVisible = 0;
			defaultConfigurationName = Release;
		};
/* End XCConfigurationList section */
	};
	rootObject = 6EF41D6C2A1D5800000A15D3 /* Project object */;
}
